<?xml version="1.0" encoding="utf-8"?>
<Project ToolsVersion="4.0" xmlns="http://schemas.microsoft.com/developer/msbuild/2003">
  <ItemGroup>
    <Filter Include="include">
      <UniqueIdentifier>{93995380-89BD-4b04-88EB-625FBE52EBFB}</UniqueIdentifier>
      <Extensions>h;hh;hpp;hxx;hm;inl;inc;xsd</Extensions>
    </Filter>
    <Filter Include="extern">
      <UniqueIdentifier>{4FC737F1-C7A5-4376-A066-2A32D752A2FF}</UniqueIdentifier>
      <Extensions>cpp;c;cc;cxx;def;odl;idl;hpj;bat;asm;asmx</Extensions>
    </Filter>
    <Filter Include="sources">
      <UniqueIdentifier>{67DA6AB6-F800-4c08-8B7A-83BB121AAD01}</UniqueIdentifier>
      <Extensions>rc;ico;cur;bmp;dlg;rc2;rct;bin;rgs;gif;jpg;jpeg;jpe;resx;tiff;tif;png;wav;mfcribbon-ms</Extensions>
    </Filter>
    <Filter Include="extern\conct_core">
      <UniqueIdentifier>{1a73f869-b895-4218-98e4-7383aac4ae76}</UniqueIdentifier>
    </Filter>
    <Filter Include="extern\conct_runtime">
      <UniqueIdentifier>{669c528b-94be-4ec6-8bbc-54ecd4240221}</UniqueIdentifier>
    </Filter>
    <Filter Include="extern\conct_system_simulator">
      <UniqueIdentifier>{816ac1c2-3b8f-45a0-abe9-ee99d8b661ce}</UniqueIdentifier>
    </Filter>
  </ItemGroup>
  <ItemGroup>
    <ClCompile Include="sources\main.cpp">
      <Filter>sources</Filter>
    </ClCompile>
    <ClCompile Include="sources\simulator.cpp">
      <Filter>sources</Filter>
    </ClCompile>
    <ClCompile Include="..\libraries\conct_core\conct_core.cpp">
      <Filter>extern\conct_core</Filter>
    </ClCompile>
    <ClCompile Include="..\libraries\conct_system_simulator\conct_system_simulator.cpp">
      <Filter>extern\conct_system_simulator</Filter>
    </ClCompile>
    <ClCompile Include="..\libraries\conct_runtime\conct_runtime_slave.cpp">
      <Filter>extern\conct_runtime</Filter>
    </ClCompile>
    <ClCompile Include="..\libraries\conct_core\conct_reader.cpp">
      <Filter>extern\conct_core</Filter>
    </ClCompile>
  </ItemGroup>
  <ItemGroup>
    <ClInclude Include="include\simulator.h">
      <Filter>include</Filter>
    </ClInclude>
    <ClInclude Include="..\libraries\conct_core\conct_array.h">
      <Filter>extern\conct_core</Filter>
    </ClInclude>
    <ClInclude Include="..\libraries\conct_core\conct_core.h">
      <Filter>extern\conct_core</Filter>
    </ClInclude>
    <ClInclude Include="..\libraries\conct_core\conct_value.h">
      <Filter>extern\conct_core</Filter>
    </ClInclude>
    <ClInclude Include="..\libraries\conct_runtime\conct_proxy.h">
      <Filter>extern\conct_runtime</Filter>
    </ClInclude>
    <ClInclude Include="..\libraries\conct_system_simulator\conct_system_simulator.h">
      <Filter>extern\conct_system_simulator</Filter>
    </ClInclude>
    <ClInclude Include="include\simulator_device.h">
      <Filter>include</Filter>
    </ClInclude>
    <ClInclude Include="..\libraries\conct_runtime\conct_runtime_types.h">
      <Filter>extern\conct_runtime</Filter>
    </ClInclude>
    <ClInclude Include="..\libraries\conct_runtime\conct_runtime_slave.h">
      <Filter>extern\conct_runtime</Filter>
    </ClInclude>
    <ClInclude Include="..\libraries\conct_runtime\conct_device.h">
      <Filter>extern\conct_runtime</Filter>
    </ClInclude>
    <ClInclude Include="..\libraries\conct_core\conct_reader.h">
      <Filter>extern\conct_core</Filter>
    </ClInclude>
    <ClInclude Include="..\libraries\conct_runtime\conct_instance.h">
      <Filter>extern\conct_runtime</Filter>
    </ClInclude>
  </ItemGroup>
  <ItemGroup>
    <None Include="..\libraries\conct_core\conct_array.inl">
      <Filter>extern\conct_core</Filter>
    </None>
    <None Include="..\libraries\conct_core\conct_reader.inl">
      <Filter>extern\conct_core</Filter>
    </None>
  </ItemGroup>
</Project>