<?xml version="1.0" encoding="utf-8"?>
<Project ToolsVersion="4.0" xmlns="http://schemas.microsoft.com/developer/msbuild/2003">
  <ItemGroup>
    <Filter Include="Source Files">
      <UniqueIdentifier>{4FC737F1-C7A5-4376-A066-2A32D752A2FF}</UniqueIdentifier>
      <Extensions>cpp;c;cc;cxx;def;odl;idl;hpj;bat;asm;asmx</Extensions>
    </Filter>
    <Filter Include="libraries">
      <UniqueIdentifier>{e55deb5a-4afe-4809-8edf-5b584b9e5a21}</UniqueIdentifier>
    </Filter>
    <Filter Include="libraries\Crypto">
      <UniqueIdentifier>{fc16cb39-30f4-4dd4-aea0-c1eb5bd676d4}</UniqueIdentifier>
    </Filter>
  </ItemGroup>
  <ItemGroup>
    <ClCompile Include="main.cpp">
      <Filter>Source Files</Filter>
    </ClCompile>
    <ClCompile Include="..\..\libraries\Crypto\Crypto.cpp">
      <Filter>libraries\Crypto</Filter>
    </ClCompile>
    <ClCompile Include="..\..\libraries\Crypto\ChaCha.cpp">
      <Filter>libraries\Crypto</Filter>
    </ClCompile>
    <ClCompile Include="..\..\libraries\Crypto\Cipher.cpp">
      <Filter>libraries\Crypto</Filter>
    </ClCompile>
  </ItemGroup>
  <ItemGroup>
    <ClInclude Include="..\..\libraries\Crypto\Cipher.h">
      <Filter>libraries\Crypto</Filter>
    </ClInclude>
    <ClInclude Include="..\..\libraries\Crypto\Crypto.h">
      <Filter>libraries\Crypto</Filter>
    </ClInclude>
    <ClInclude Include="..\..\libraries\Crypto\ChaCha.h">
      <Filter>libraries\Crypto</Filter>
    </ClInclude>
  </ItemGroup>
</Project>