<?xml version="1.0" encoding="utf-8"?>
<Project ToolsVersion="4.0" xmlns="http://schemas.microsoft.com/developer/msbuild/2003">
  <ItemGroup>
    <Filter Include="include">
      <UniqueIdentifier>{93995380-89BD-4b04-88EB-625FBE52EBFB}</UniqueIdentifier>
      <Extensions>h;hh;hpp;hxx;hm;inl;inc;xsd</Extensions>
    </Filter>
    <Filter Include="sources">
      <UniqueIdentifier>{67DA6AB6-F800-4c08-8B7A-83BB121AAD01}</UniqueIdentifier>
      <Extensions>rc;ico;cur;bmp;dlg;rc2;rct;bin;rgs;gif;jpg;jpeg;jpe;resx;tiff;tif;png;wav;mfcribbon-ms</Extensions>
    </Filter>
    <Filter Include="libraries">
      <UniqueIdentifier>{540076ba-3ec3-41ce-b1a0-63f638610b0e}</UniqueIdentifier>
    </Filter>
    <Filter Include="libraries\conct_core">
      <UniqueIdentifier>{d70ffcef-c524-4689-8727-01e9ba34d86a}</UniqueIdentifier>
    </Filter>
    <Filter Include="shared">
      <UniqueIdentifier>{afe8f598-6efd-4911-bf1c-898e669715a5}</UniqueIdentifier>
    </Filter>
    <Filter Include="libraries\conct_runtime_high">
      <UniqueIdentifier>{5d488a75-b414-49f2-a626-818fbd6ecf27}</UniqueIdentifier>
    </Filter>
    <Filter Include="libraries\conct_runtime">
      <UniqueIdentifier>{8fc8548e-aa7c-4486-b833-37ccbf06f8b7}</UniqueIdentifier>
    </Filter>
    <Filter Include="libraries\conct_core_high">
      <UniqueIdentifier>{51fc7d70-7424-43bb-9444-727295713e0f}</UniqueIdentifier>
    </Filter>
    <Filter Include="third_party">
      <UniqueIdentifier>{5a0d89a6-cd4a-4d01-8ff5-1469b289c8c6}</UniqueIdentifier>
    </Filter>
    <Filter Include="third_party\tinyxml2">
      <UniqueIdentifier>{96c2db90-a9e0-4ceb-b3a1-50da7001abda}</UniqueIdentifier>
    </Filter>
    <Filter Include="libraries\conct_types">
      <UniqueIdentifier>{041ae26e-b684-4e9e-a871-f7e62f2f499b}</UniqueIdentifier>
    </Filter>
  </ItemGroup>
  <ItemGroup>
    <ClCompile Include="sources\main.cpp">
      <Filter>sources</Filter>
    </ClCompile>
    <ClCompile Include="sources\simulator.cpp">
      <Filter>sources</Filter>
    </ClCompile>
    <ClCompile Include="sources\console.cpp">
      <Filter>sources</Filter>
    </ClCompile>
    <ClCompile Include="sources\console_instances.cpp">
      <Filter>sources</Filter>
    </ClCompile>
    <ClCompile Include="sources\console_render.cpp">
      <Filter>sources</Filter>
    </ClCompile>
    <ClCompile Include="sources\console_controller.cpp">
      <Filter>sources</Filter>
    </ClCompile>
    <ClCompile Include="sources\console_input.cpp">
      <Filter>sources</Filter>
    </ClCompile>
    <ClCompile Include="sources\simulator_context.cpp">
      <Filter>sources</Filter>
    </ClCompile>
    <ClCompile Include="..\..\libraries\conct_core\conct_memory.cpp">
      <Filter>libraries\conct_core</Filter>
    </ClCompile>
    <ClCompile Include="..\..\libraries\conct_core\conct_reader.cpp">
      <Filter>libraries\conct_core</Filter>
    </ClCompile>
    <ClCompile Include="..\..\libraries\conct_core\conct_timer.cpp">
      <Filter>libraries\conct_core</Filter>
    </ClCompile>
    <ClCompile Include="..\..\libraries\conct_core\conct_value_type.cpp">
      <Filter>libraries\conct_core</Filter>
    </ClCompile>
    <ClCompile Include="..\..\libraries\conct_core\conct_writer.cpp">
      <Filter>libraries\conct_core</Filter>
    </ClCompile>
    <ClCompile Include="..\..\libraries\conct_core\conct_ascii.cpp">
      <Filter>libraries\conct_core</Filter>
    </ClCompile>
    <ClCompile Include="..\..\libraries\conct_core\conct_functions.cpp">
      <Filter>libraries\conct_core</Filter>
    </ClCompile>
    <ClCompile Include="..\..\libraries\conct_runtime\conct_proxy.cpp">
      <Filter>libraries\conct_runtime</Filter>
    </ClCompile>
    <ClCompile Include="..\..\libraries\conct_runtime\conct_value.cpp">
      <Filter>libraries\conct_runtime</Filter>
    </ClCompile>
    <ClCompile Include="..\..\libraries\conct_runtime\conct_value_builder.cpp">
      <Filter>libraries\conct_runtime</Filter>
    </ClCompile>
    <ClCompile Include="..\..\libraries\conct_runtime\conct_buffered_value_builder.cpp">
      <Filter>libraries\conct_runtime</Filter>
    </ClCompile>
    <ClCompile Include="..\..\libraries\conct_runtime\conct_data_builder.cpp">
      <Filter>libraries\conct_runtime</Filter>
    </ClCompile>
    <ClCompile Include="..\..\libraries\conct_runtime\conct_device.cpp">
      <Filter>libraries\conct_runtime</Filter>
    </ClCompile>
    <ClCompile Include="..\..\libraries\conct_runtime_high\conct_runtime_high.cpp">
      <Filter>libraries\conct_runtime_high</Filter>
    </ClCompile>
    <ClCompile Include="..\..\libraries\conct_runtime_high\conct_value_high.cpp">
      <Filter>libraries\conct_runtime_high</Filter>
    </ClCompile>
    <ClCompile Include="..\..\libraries\conct_runtime_high\conct_command.cpp">
      <Filter>libraries\conct_runtime_high</Filter>
    </ClCompile>
    <ClCompile Include="..\..\libraries\conct_runtime_high\conct_controller.cpp">
      <Filter>libraries\conct_runtime_high</Filter>
    </ClCompile>
    <ClCompile Include="..\..\libraries\conct_runtime_high\conct_router.cpp">
      <Filter>libraries\conct_runtime_high</Filter>
    </ClCompile>
    <ClCompile Include="..\..\third_party\tinyxml2\tinyxml2.cpp">
      <Filter>third_party\tinyxml2</Filter>
    </ClCompile>
    <ClCompile Include="..\..\libraries\conct_types\conct_array_type.cpp">
      <Filter>libraries\conct_types</Filter>
    </ClCompile>
    <ClCompile Include="..\..\libraries\conct_types\conct_interface_type.cpp">
      <Filter>libraries\conct_types</Filter>
    </ClCompile>
    <ClCompile Include="..\..\libraries\conct_types\conct_struct_type.cpp">
      <Filter>libraries\conct_types</Filter>
    </ClCompile>
    <ClCompile Include="..\..\libraries\conct_types\conct_type.cpp">
      <Filter>libraries\conct_types</Filter>
    </ClCompile>
    <ClCompile Include="..\..\libraries\conct_types\conct_type_collection.cpp">
      <Filter>libraries\conct_types</Filter>
    </ClCompile>
    <ClCompile Include="..\..\libraries\conct_types\conct_xml_helper.cpp">
      <Filter>libraries\conct_types</Filter>
    </ClCompile>
    <ClCompile Include="..\..\libraries\conct_core_high\conct_directory_iterator.cpp">
      <Filter>libraries\conct_core_high</Filter>
    </ClCompile>
    <ClCompile Include="..\..\libraries\conct_core_high\conct_dynamic_string.cpp">
      <Filter>libraries\conct_core_high</Filter>
    </ClCompile>
    <ClCompile Include="..\..\libraries\conct_core_high\conct_filesystem.cpp">
      <Filter>libraries\conct_core_high</Filter>
    </ClCompile>
    <ClCompile Include="..\..\libraries\conct_core_high\conct_path.cpp">
      <Filter>libraries\conct_core_high</Filter>
    </ClCompile>
    <ClCompile Include="..\..\libraries\conct_core_high\conct_string_tools.cpp">
      <Filter>libraries\conct_core_high</Filter>
    </ClCompile>
    <ClCompile Include="..\..\libraries\conct_core\conct_crc16.cpp">
      <Filter>libraries\conct_core</Filter>
    </ClCompile>
    <ClCompile Include="..\..\libraries\conct_runtime\conct_runtime.cpp">
      <Filter>libraries\conct_runtime</Filter>
    </ClCompile>
    <ClCompile Include="..\..\libraries\conct_core_high\conct_trace.cpp">
      <Filter>libraries\conct_core_high</Filter>
    </ClCompile>
  </ItemGroup>
  <ItemGroup>
    <ClInclude Include="include\simulator.h">
      <Filter>include</Filter>
    </ClInclude>
    <ClInclude Include="include\simulator_device.h">
      <Filter>include</Filter>
    </ClInclude>
    <ClInclude Include="include\simulator_context.h">
      <Filter>include</Filter>
    </ClInclude>
    <ClInclude Include="include\console.h">
      <Filter>include</Filter>
    </ClInclude>
    <ClInclude Include="sources\console_instances.h">
      <Filter>sources</Filter>
    </ClInclude>
    <ClInclude Include="sources\console_plugin.h">
      <Filter>sources</Filter>
    </ClInclude>
    <ClInclude Include="sources\console_render.h">
      <Filter>sources</Filter>
    </ClInclude>
    <ClInclude Include="sources\console_controller.h">
      <Filter>sources</Filter>
    </ClInclude>
    <ClInclude Include="sources\console_input.h">
      <Filter>sources</Filter>
    </ClInclude>
    <ClInclude Include="devices\shared\i_simulator_port.h">
      <Filter>shared</Filter>
    </ClInclude>
    <ClInclude Include="devices\shared\i_simulator_context.h">
      <Filter>shared</Filter>
    </ClInclude>
    <ClInclude Include="..\..\libraries\conct_core\conct_memory.h">
      <Filter>libraries\conct_core</Filter>
    </ClInclude>
    <ClInclude Include="..\..\libraries\conct_core\conct_number_limits.h">
      <Filter>libraries\conct_core</Filter>
    </ClInclude>
    <ClInclude Include="..\..\libraries\conct_core\conct_port.h">
      <Filter>libraries\conct_core</Filter>
    </ClInclude>
    <ClInclude Include="..\..\libraries\conct_core\conct_reader.h">
      <Filter>libraries\conct_core</Filter>
    </ClInclude>
    <ClInclude Include="..\..\libraries\conct_core\conct_relative_array.h">
      <Filter>libraries\conct_core</Filter>
    </ClInclude>
    <ClInclude Include="..\..\libraries\conct_core\conct_relative_pointer.h">
      <Filter>libraries\conct_core</Filter>
    </ClInclude>
    <ClInclude Include="..\..\libraries\conct_core\conct_result.h">
      <Filter>libraries\conct_core</Filter>
    </ClInclude>
    <ClInclude Include="..\..\libraries\conct_core\conct_string.h">
      <Filter>libraries\conct_core</Filter>
    </ClInclude>
    <ClInclude Include="..\..\libraries\conct_core\conct_structs.h">
      <Filter>libraries\conct_core</Filter>
    </ClInclude>
    <ClInclude Include="..\..\libraries\conct_core\conct_timer.h">
      <Filter>libraries\conct_core</Filter>
    </ClInclude>
    <ClInclude Include="..\..\libraries\conct_core\conct_value_type.h">
      <Filter>libraries\conct_core</Filter>
    </ClInclude>
    <ClInclude Include="..\..\libraries\conct_core\conct_writer.h">
      <Filter>libraries\conct_core</Filter>
    </ClInclude>
    <ClInclude Include="..\..\libraries\conct_core\conct_array.h">
      <Filter>libraries\conct_core</Filter>
    </ClInclude>
    <ClInclude Include="..\..\libraries\conct_core\conct_array_view.h">
      <Filter>libraries\conct_core</Filter>
    </ClInclude>
    <ClInclude Include="..\..\libraries\conct_core\conct_ascii.h">
      <Filter>libraries\conct_core</Filter>
    </ClInclude>
    <ClInclude Include="..\..\libraries\conct_core\conct_core.h">
      <Filter>libraries\conct_core</Filter>
    </ClInclude>
    <ClInclude Include="..\..\libraries\conct_core\conct_flags.h">
      <Filter>libraries\conct_core</Filter>
    </ClInclude>
    <ClInclude Include="..\..\libraries\conct_core\conct_functions.h">
      <Filter>libraries\conct_core</Filter>
    </ClInclude>
    <ClInclude Include="..\..\libraries\conct_runtime\conct_proxy.h">
      <Filter>libraries\conct_runtime</Filter>
    </ClInclude>
    <ClInclude Include="..\..\libraries\conct_runtime\conct_runtime.h">
      <Filter>libraries\conct_runtime</Filter>
    </ClInclude>
    <ClInclude Include="..\..\libraries\conct_runtime\conct_value.h">
      <Filter>libraries\conct_runtime</Filter>
    </ClInclude>
    <ClInclude Include="..\..\libraries\conct_runtime\conct_value_builder.h">
      <Filter>libraries\conct_runtime</Filter>
    </ClInclude>
    <ClInclude Include="..\..\libraries\conct_runtime\conct_value_triats.h">
      <Filter>libraries\conct_runtime</Filter>
    </ClInclude>
    <ClInclude Include="..\..\libraries\conct_runtime\conct_buffered_value_builder.h">
      <Filter>libraries\conct_runtime</Filter>
    </ClInclude>
    <ClInclude Include="..\..\libraries\conct_runtime\conct_data_builder.h">
      <Filter>libraries\conct_runtime</Filter>
    </ClInclude>
    <ClInclude Include="..\..\libraries\conct_runtime\conct_device.h">
      <Filter>libraries\conct_runtime</Filter>
    </ClInclude>
    <ClInclude Include="..\..\libraries\conct_runtime_high\conct_runtime_high.h">
      <Filter>libraries\conct_runtime_high</Filter>
    </ClInclude>
    <ClInclude Include="..\..\libraries\conct_runtime_high\conct_value_high.h">
      <Filter>libraries\conct_runtime_high</Filter>
    </ClInclude>
    <ClInclude Include="..\..\libraries\conct_runtime_high\conct_command.h">
      <Filter>libraries\conct_runtime_high</Filter>
    </ClInclude>
    <ClInclude Include="..\..\libraries\conct_runtime_high\conct_controller.h">
      <Filter>libraries\conct_runtime_high</Filter>
    </ClInclude>
    <ClInclude Include="..\..\libraries\conct_runtime_high\conct_router.h">
      <Filter>libraries\conct_runtime_high</Filter>
    </ClInclude>
    <ClInclude Include="..\..\third_party\tinyxml2\tinyxml2.h">
      <Filter>third_party\tinyxml2</Filter>
    </ClInclude>
    <ClInclude Include="..\..\libraries\conct_types\conct_array_type.h">
      <Filter>libraries\conct_types</Filter>
    </ClInclude>
    <ClInclude Include="..\..\libraries\conct_types\conct_interface_type.h">
      <Filter>libraries\conct_types</Filter>
    </ClInclude>
    <ClInclude Include="..\..\libraries\conct_types\conct_struct_type.h">
      <Filter>libraries\conct_types</Filter>
    </ClInclude>
    <ClInclude Include="..\..\libraries\conct_types\conct_type.h">
      <Filter>libraries\conct_types</Filter>
    </ClInclude>
    <ClInclude Include="..\..\libraries\conct_types\conct_type_collection.h">
      <Filter>libraries\conct_types</Filter>
    </ClInclude>
    <ClInclude Include="..\..\libraries\conct_types\conct_xml_helper.h">
      <Filter>libraries\conct_types</Filter>
    </ClInclude>
    <ClInclude Include="..\..\libraries\conct_core_high\conct_core_high.h">
      <Filter>libraries\conct_core_high</Filter>
    </ClInclude>
    <ClInclude Include="..\..\libraries\conct_core_high\conct_directory_iterator.h">
      <Filter>libraries\conct_core_high</Filter>
    </ClInclude>
    <ClInclude Include="..\..\libraries\conct_core_high\conct_dynamic_string.h">
      <Filter>libraries\conct_core_high</Filter>
    </ClInclude>
    <ClInclude Include="..\..\libraries\conct_core_high\conct_filesystem.h">
      <Filter>libraries\conct_core_high</Filter>
    </ClInclude>
    <ClInclude Include="..\..\libraries\conct_core_high\conct_path.h">
      <Filter>libraries\conct_core_high</Filter>
    </ClInclude>
    <ClInclude Include="..\..\libraries\conct_core_high\conct_queue.h">
      <Filter>libraries\conct_core_high</Filter>
    </ClInclude>
    <ClInclude Include="..\..\libraries\conct_core_high\conct_string_tools.h">
      <Filter>libraries\conct_core_high</Filter>
    </ClInclude>
    <ClInclude Include="..\..\libraries\conct_core_high\conct_unsorted_set.h">
      <Filter>libraries\conct_core_high</Filter>
    </ClInclude>
    <ClInclude Include="..\..\libraries\conct_core_high\conct_vector.h">
      <Filter>libraries\conct_core_high</Filter>
    </ClInclude>
    <ClInclude Include="..\..\libraries\conct_core\conct_crc16.h">
      <Filter>libraries\conct_core</Filter>
    </ClInclude>
    <ClInclude Include="..\..\libraries\conct_core_high\conct_trace.h">
      <Filter>libraries\conct_core_high</Filter>
    </ClInclude>
  </ItemGroup>
  <ItemGroup>
    <None Include="..\..\libraries\conct_core\conct_memory.inl">
      <Filter>libraries\conct_core</Filter>
    </None>
    <None Include="..\..\libraries\conct_core\conct_reader.inl">
      <Filter>libraries\conct_core</Filter>
    </None>
    <None Include="..\..\libraries\conct_core\conct_relative_array.inl">
      <Filter>libraries\conct_core</Filter>
    </None>
    <None Include="..\..\libraries\conct_core\conct_relative_pointer.inl">
      <Filter>libraries\conct_core</Filter>
    </None>
    <None Include="..\..\libraries\conct_core\conct_string.inl">
      <Filter>libraries\conct_core</Filter>
    </None>
    <None Include="..\..\libraries\conct_core\conct_writer.inl">
      <Filter>libraries\conct_core</Filter>
    </None>
    <None Include="..\..\libraries\conct_core\conct_array.inl">
      <Filter>libraries\conct_core</Filter>
    </None>
    <None Include="..\..\libraries\conct_core\conct_array_view.inl">
      <Filter>libraries\conct_core</Filter>
    </None>
    <None Include="..\..\libraries\conct_core\conct_flags.inl">
      <Filter>libraries\conct_core</Filter>
    </None>
    <None Include="..\..\libraries\conct_runtime\conct_value_builder.inl">
      <Filter>libraries\conct_runtime</Filter>
    </None>
    <None Include="..\..\libraries\conct_runtime\conct_value_triats.inl">
      <Filter>libraries\conct_runtime</Filter>
    </None>
    <None Include="..\..\libraries\conct_runtime\conct_buffered_value_builder.inl">
      <Filter>libraries\conct_runtime</Filter>
    </None>
    <None Include="..\..\libraries\conct_runtime\conct_data_builder.inl">
      <Filter>libraries\conct_runtime</Filter>
    </None>
    <None Include="..\..\libraries\conct_runtime_high\conct_value_high.inl">
      <Filter>libraries\conct_runtime_high</Filter>
    </None>
    <None Include="..\..\libraries\conct_runtime_high\conct_command.inl">
      <Filter>libraries\conct_runtime_high</Filter>
    </None>
    <None Include="..\..\libraries\conct_core_high\conct_queue.inl">
      <Filter>libraries\conct_core_high</Filter>
    </None>
    <None Include="..\..\libraries\conct_core_high\conct_unsorted_set.inl">
      <Filter>libraries\conct_core_high</Filter>
    </None>
    <None Include="..\..\libraries\conct_core_high\conct_vector.inl">
      <Filter>libraries\conct_core_high</Filter>
    </None>
  </ItemGroup>
</Project>