<?xml version="1.0" encoding="utf-8"?>
<Project ToolsVersion="4.0" xmlns="http://schemas.microsoft.com/developer/msbuild/2003">
  <ItemGroup>
    <Filter Include="include">
      <UniqueIdentifier>{93995380-89BD-4b04-88EB-625FBE52EBFB}</UniqueIdentifier>
      <Extensions>h;hh;hpp;hxx;hm;inl;inc;xsd</Extensions>
    </Filter>
    <Filter Include="sources">
      <UniqueIdentifier>{67DA6AB6-F800-4c08-8B7A-83BB121AAD01}</UniqueIdentifier>
      <Extensions>rc;ico;cur;bmp;dlg;rc2;rct;bin;rgs;gif;jpg;jpeg;jpe;resx;tiff;tif;png;wav;mfcribbon-ms</Extensions>
    </Filter>
    <Filter Include="libraries">
      <UniqueIdentifier>{dc85726e-6739-4116-ad68-a6202228522d}</UniqueIdentifier>
    </Filter>
    <Filter Include="libraries\conct_core">
      <UniqueIdentifier>{5fbe5e9e-a23d-417a-a4b9-4c4d31dd155c}</UniqueIdentifier>
    </Filter>
    <Filter Include="third_party">
      <UniqueIdentifier>{e2bc6a43-995e-48aa-af27-1d6a13023863}</UniqueIdentifier>
    </Filter>
    <Filter Include="libraries\conct_core_high">
      <UniqueIdentifier>{524a448d-0380-4714-bec3-465430102f13}</UniqueIdentifier>
    </Filter>
    <Filter Include="libraries\conct_types">
      <UniqueIdentifier>{83991ea4-aba1-49ec-a22a-1bb222af9e23}</UniqueIdentifier>
    </Filter>
    <Filter Include="third_party\tinyxml2">
      <UniqueIdentifier>{85f1d649-f7e0-4c52-82d8-b4d1d295e2b1}</UniqueIdentifier>
    </Filter>
  </ItemGroup>
  <ItemGroup>
    <ClInclude Include="include\generator.h">
      <Filter>include</Filter>
    </ClInclude>
    <ClInclude Include="include\hardware.h">
      <Filter>include</Filter>
    </ClInclude>
    <ClInclude Include="include\device.h">
      <Filter>include</Filter>
    </ClInclude>
    <ClInclude Include="include\hardware_collection.h">
      <Filter>include</Filter>
    </ClInclude>
    <ClInclude Include="include\port.h">
      <Filter>include</Filter>
    </ClInclude>
    <ClInclude Include="include\port_collection.h">
      <Filter>include</Filter>
    </ClInclude>
    <ClInclude Include="..\..\libraries\conct_core_high\conct_core_high.h">
      <Filter>libraries\conct_core_high</Filter>
    </ClInclude>
    <ClInclude Include="..\..\libraries\conct_core_high\conct_directory_iterator.h">
      <Filter>libraries\conct_core_high</Filter>
    </ClInclude>
    <ClInclude Include="..\..\libraries\conct_core_high\conct_dynamic_string.h">
      <Filter>libraries\conct_core_high</Filter>
    </ClInclude>
    <ClInclude Include="..\..\libraries\conct_core_high\conct_path.h">
      <Filter>libraries\conct_core_high</Filter>
    </ClInclude>
    <ClInclude Include="..\..\libraries\conct_core_high\conct_string_tools.h">
      <Filter>libraries\conct_core_high</Filter>
    </ClInclude>
    <ClInclude Include="..\..\libraries\conct_core_high\conct_vector.h">
      <Filter>libraries\conct_core_high</Filter>
    </ClInclude>
    <ClInclude Include="..\..\libraries\conct_core\conct_memory.h">
      <Filter>libraries\conct_core</Filter>
    </ClInclude>
    <ClInclude Include="..\..\libraries\conct_core\conct_number_limits.h">
      <Filter>libraries\conct_core</Filter>
    </ClInclude>
    <ClInclude Include="..\..\libraries\conct_core\conct_port.h">
      <Filter>libraries\conct_core</Filter>
    </ClInclude>
    <ClInclude Include="..\..\libraries\conct_core\conct_reader.h">
      <Filter>libraries\conct_core</Filter>
    </ClInclude>
    <ClInclude Include="..\..\libraries\conct_core\conct_relative_array.h">
      <Filter>libraries\conct_core</Filter>
    </ClInclude>
    <ClInclude Include="..\..\libraries\conct_core\conct_relative_pointer.h">
      <Filter>libraries\conct_core</Filter>
    </ClInclude>
    <ClInclude Include="..\..\libraries\conct_core\conct_result.h">
      <Filter>libraries\conct_core</Filter>
    </ClInclude>
    <ClInclude Include="..\..\libraries\conct_core\conct_string.h">
      <Filter>libraries\conct_core</Filter>
    </ClInclude>
    <ClInclude Include="..\..\libraries\conct_core\conct_structs.h">
      <Filter>libraries\conct_core</Filter>
    </ClInclude>
    <ClInclude Include="..\..\libraries\conct_core\conct_timer.h">
      <Filter>libraries\conct_core</Filter>
    </ClInclude>
    <ClInclude Include="..\..\libraries\conct_core\conct_value_type.h">
      <Filter>libraries\conct_core</Filter>
    </ClInclude>
    <ClInclude Include="..\..\libraries\conct_core\conct_writer.h">
      <Filter>libraries\conct_core</Filter>
    </ClInclude>
    <ClInclude Include="..\..\libraries\conct_core\conct_array.h">
      <Filter>libraries\conct_core</Filter>
    </ClInclude>
    <ClInclude Include="..\..\libraries\conct_core\conct_array_view.h">
      <Filter>libraries\conct_core</Filter>
    </ClInclude>
    <ClInclude Include="..\..\libraries\conct_core\conct_ascii.h">
      <Filter>libraries\conct_core</Filter>
    </ClInclude>
    <ClInclude Include="..\..\libraries\conct_core\conct_core.h">
      <Filter>libraries\conct_core</Filter>
    </ClInclude>
    <ClInclude Include="..\..\libraries\conct_core\conct_flags.h">
      <Filter>libraries\conct_core</Filter>
    </ClInclude>
    <ClInclude Include="..\..\libraries\conct_core\conct_functions.h">
      <Filter>libraries\conct_core</Filter>
    </ClInclude>
    <ClInclude Include="..\..\third_party\tinyxml2\tinyxml2.h">
      <Filter>third_party\tinyxml2</Filter>
    </ClInclude>
    <ClInclude Include="..\..\libraries\conct_core_high\conct_filesystem.h">
      <Filter>libraries\conct_core_high</Filter>
    </ClInclude>
    <ClInclude Include="..\..\libraries\conct_types\conct_type.h">
      <Filter>libraries\conct_types</Filter>
    </ClInclude>
    <ClInclude Include="..\..\libraries\conct_types\conct_type_collection.h">
      <Filter>libraries\conct_types</Filter>
    </ClInclude>
    <ClInclude Include="..\..\libraries\conct_types\conct_xml_helper.h">
      <Filter>libraries\conct_types</Filter>
    </ClInclude>
    <ClInclude Include="..\..\libraries\conct_types\conct_array_type.h">
      <Filter>libraries\conct_types</Filter>
    </ClInclude>
    <ClInclude Include="..\..\libraries\conct_types\conct_interface_type.h">
      <Filter>libraries\conct_types</Filter>
    </ClInclude>
    <ClInclude Include="..\..\libraries\conct_types\conct_struct_type.h">
      <Filter>libraries\conct_types</Filter>
    </ClInclude>
    <ClInclude Include="..\..\libraries\conct_core\conct_crc16.h">
      <Filter>libraries\conct_core</Filter>
    </ClInclude>
    <ClInclude Include="..\..\libraries\conct_core_high\conct_unsorted_set.h">
      <Filter>libraries\conct_core_high</Filter>
    </ClInclude>
    <ClInclude Include="..\..\libraries\conct_core_high\conct_queue.h">
      <Filter>libraries\conct_core_high</Filter>
    </ClInclude>
    <ClInclude Include="..\..\libraries\conct_core_high\conct_trace.h">
      <Filter>libraries\conct_core_high</Filter>
    </ClInclude>
  </ItemGroup>
  <ItemGroup>
    <ClCompile Include="sources\generator.cpp">
      <Filter>sources</Filter>
    </ClCompile>
    <ClCompile Include="sources\device.cpp">
      <Filter>sources</Filter>
    </ClCompile>
    <ClCompile Include="sources\hardware.cpp">
      <Filter>sources</Filter>
    </ClCompile>
    <ClCompile Include="sources\hardware_collection.cpp">
      <Filter>sources</Filter>
    </ClCompile>
    <ClCompile Include="sources\port.cpp">
      <Filter>sources</Filter>
    </ClCompile>
    <ClCompile Include="sources\port_collection.cpp">
      <Filter>sources</Filter>
    </ClCompile>
    <ClCompile Include="sources\main.cpp">
      <Filter>sources</Filter>
    </ClCompile>
    <ClCompile Include="..\..\libraries\conct_core_high\conct_directory_iterator.cpp">
      <Filter>libraries\conct_core_high</Filter>
    </ClCompile>
    <ClCompile Include="..\..\libraries\conct_core_high\conct_dynamic_string.cpp">
      <Filter>libraries\conct_core_high</Filter>
    </ClCompile>
    <ClCompile Include="..\..\libraries\conct_core_high\conct_path.cpp">
      <Filter>libraries\conct_core_high</Filter>
    </ClCompile>
    <ClCompile Include="..\..\libraries\conct_core_high\conct_string_tools.cpp">
      <Filter>libraries\conct_core_high</Filter>
    </ClCompile>
    <ClCompile Include="..\..\libraries\conct_core\conct_memory.cpp">
      <Filter>libraries\conct_core</Filter>
    </ClCompile>
    <ClCompile Include="..\..\libraries\conct_core\conct_reader.cpp">
      <Filter>libraries\conct_core</Filter>
    </ClCompile>
    <ClCompile Include="..\..\libraries\conct_core\conct_timer.cpp">
      <Filter>libraries\conct_core</Filter>
    </ClCompile>
    <ClCompile Include="..\..\libraries\conct_core\conct_value_type.cpp">
      <Filter>libraries\conct_core</Filter>
    </ClCompile>
    <ClCompile Include="..\..\libraries\conct_core\conct_writer.cpp">
      <Filter>libraries\conct_core</Filter>
    </ClCompile>
    <ClCompile Include="..\..\libraries\conct_core\conct_ascii.cpp">
      <Filter>libraries\conct_core</Filter>
    </ClCompile>
    <ClCompile Include="..\..\libraries\conct_core\conct_functions.cpp">
      <Filter>libraries\conct_core</Filter>
    </ClCompile>
    <ClCompile Include="..\..\third_party\tinyxml2\tinyxml2.cpp">
      <Filter>third_party\tinyxml2</Filter>
    </ClCompile>
    <ClCompile Include="..\..\libraries\conct_core_high\conct_filesystem.cpp">
      <Filter>libraries\conct_core_high</Filter>
    </ClCompile>
    <ClCompile Include="..\..\libraries\conct_types\conct_type_collection.cpp">
      <Filter>libraries\conct_types</Filter>
    </ClCompile>
    <ClCompile Include="..\..\libraries\conct_types\conct_xml_helper.cpp">
      <Filter>libraries\conct_types</Filter>
    </ClCompile>
    <ClCompile Include="..\..\libraries\conct_types\conct_array_type.cpp">
      <Filter>libraries\conct_types</Filter>
    </ClCompile>
    <ClCompile Include="..\..\libraries\conct_types\conct_interface_type.cpp">
      <Filter>libraries\conct_types</Filter>
    </ClCompile>
    <ClCompile Include="..\..\libraries\conct_types\conct_struct_type.cpp">
      <Filter>libraries\conct_types</Filter>
    </ClCompile>
    <ClCompile Include="..\..\libraries\conct_types\conct_type.cpp">
      <Filter>libraries\conct_types</Filter>
    </ClCompile>
    <ClCompile Include="..\..\libraries\conct_core\conct_crc16.cpp">
      <Filter>libraries\conct_core</Filter>
    </ClCompile>
    <ClCompile Include="..\..\libraries\conct_core\conct_result.cpp">
      <Filter>libraries\conct_core</Filter>
    </ClCompile>
    <ClCompile Include="..\..\libraries\conct_core_high\conct_trace.cpp">
      <Filter>libraries\conct_core_high</Filter>
    </ClCompile>
  </ItemGroup>
  <ItemGroup>
    <None Include="..\..\libraries\conct_core_high\conct_vector.inl">
      <Filter>libraries\conct_core_high</Filter>
    </None>
    <None Include="..\..\libraries\conct_core\conct_memory.inl">
      <Filter>libraries\conct_core</Filter>
    </None>
    <None Include="..\..\libraries\conct_core\conct_reader.inl">
      <Filter>libraries\conct_core</Filter>
    </None>
    <None Include="..\..\libraries\conct_core\conct_relative_array.inl">
      <Filter>libraries\conct_core</Filter>
    </None>
    <None Include="..\..\libraries\conct_core\conct_relative_pointer.inl">
      <Filter>libraries\conct_core</Filter>
    </None>
    <None Include="..\..\libraries\conct_core\conct_string.inl">
      <Filter>libraries\conct_core</Filter>
    </None>
    <None Include="..\..\libraries\conct_core\conct_writer.inl">
      <Filter>libraries\conct_core</Filter>
    </None>
    <None Include="..\..\libraries\conct_core\conct_array.inl">
      <Filter>libraries\conct_core</Filter>
    </None>
    <None Include="..\..\libraries\conct_core\conct_array_view.inl">
      <Filter>libraries\conct_core</Filter>
    </None>
    <None Include="..\..\libraries\conct_core\conct_flags.inl">
      <Filter>libraries\conct_core</Filter>
    </None>
    <None Include="..\..\libraries\conct_core_high\conct_unsorted_set.inl">
      <Filter>libraries\conct_core_high</Filter>
    </None>
    <None Include="..\..\libraries\conct_core_high\conct_queue.inl">
      <Filter>libraries\conct_core_high</Filter>
    </None>
  </ItemGroup>
</Project>