
Microsoft Visual Studio Solution File, Format Version 12.00
# Visual Studio 15
VisualStudioVersion = 15.0.27703.2026
MinimumVisualStudioVersion = 10.0.40219.1
Project("{FAE04EC0-301F-11D3-BF4B-00C04F79EFBC}") = "controller.android", "controller.android\controller.android.csproj", "{50E32F4E-BD5A-4E3D-82A8-F8CF75F32845}"
EndProject
Project("{D954291E-2A0B-460D-934E-DC6B0785DB48}") = "controller", "controller\controller.shproj", "{5E2BB86F-E8CC-4B0F-9246-E077AA9C0C57}"
EndProject
Project("{FAE04EC0-301F-11D3-BF4B-00C04F79EFBC}") = "controller.marshal", "controller.marshal\controller.marshal.csproj", "{31B13A8F-7469-4C7F-AD31-E03CC428DE57}"
EndProject
Project("{8BC9CEB8-8B4A-11D0-8D11-00A0C91BC942}") = "controller.native.android", "controller.native\controller.native.android.vcxproj", "{A380DC71-4AB0-41C0-84A7-B2D1F8CFBF4B}"
EndProject
Global
	GlobalSection(SharedMSBuildProjectFiles) = preSolution
		controller\controller.projitems*{50e32f4e-bd5a-4e3d-82a8-f8cf75f32845}*SharedItemsImports = 4
		controller\controller.projitems*{5e2bb86f-e8cc-4b0f-9246-e077aa9c0c57}*SharedItemsImports = 13
	EndGlobalSection
	GlobalSection(SolutionConfigurationPlatforms) = preSolution
		Debug|ARM = Debug|ARM
		Debug|ARM64 = Debug|ARM64
		Debug|x64 = Debug|x64
		Debug|x86 = Debug|x86
		Release|ARM = Release|ARM
		Release|ARM64 = Release|ARM64
		Release|x64 = Release|x64
		Release|x86 = Release|x86
	EndGlobalSection
	GlobalSection(ProjectConfigurationPlatforms) = postSolution
		{50E32F4E-BD5A-4E3D-82A8-F8CF75F32845}.Debug|ARM.ActiveCfg = Debug|Any CPU
		{50E32F4E-BD5A-4E3D-82A8-F8CF75F32845}.Debug|ARM.Build.0 = Debug|Any CPU
		{50E32F4E-BD5A-4E3D-82A8-F8CF75F32845}.Debug|ARM.Deploy.0 = Debug|Any CPU
		{50E32F4E-BD5A-4E3D-82A8-F8CF75F32845}.Debug|ARM64.ActiveCfg = Debug|Any CPU
		{50E32F4E-BD5A-4E3D-82A8-F8CF75F32845}.Debug|ARM64.Build.0 = Debug|Any CPU
		{50E32F4E-BD5A-4E3D-82A8-F8CF75F32845}.Debug|ARM64.Deploy.0 = Debug|Any CPU
		{50E32F4E-BD5A-4E3D-82A8-F8CF75F32845}.Debug|x64.ActiveCfg = Debug|Any CPU
		{50E32F4E-BD5A-4E3D-82A8-F8CF75F32845}.Debug|x64.Build.0 = Debug|Any CPU
		{50E32F4E-BD5A-4E3D-82A8-F8CF75F32845}.Debug|x64.Deploy.0 = Debug|Any CPU
		{50E32F4E-BD5A-4E3D-82A8-F8CF75F32845}.Debug|x86.ActiveCfg = Debug|Any CPU
		{50E32F4E-BD5A-4E3D-82A8-F8CF75F32845}.Debug|x86.Build.0 = Debug|Any CPU
		{50E32F4E-BD5A-4E3D-82A8-F8CF75F32845}.Debug|x86.Deploy.0 = Debug|Any CPU
		{50E32F4E-BD5A-4E3D-82A8-F8CF75F32845}.Release|ARM.ActiveCfg = Release|Any CPU
		{50E32F4E-BD5A-4E3D-82A8-F8CF75F32845}.Release|ARM.Build.0 = Release|Any CPU
		{50E32F4E-BD5A-4E3D-82A8-F8CF75F32845}.Release|ARM.Deploy.0 = Release|Any CPU
		{50E32F4E-BD5A-4E3D-82A8-F8CF75F32845}.Release|ARM64.ActiveCfg = Release|Any CPU
		{50E32F4E-BD5A-4E3D-82A8-F8CF75F32845}.Release|ARM64.Build.0 = Release|Any CPU
		{50E32F4E-BD5A-4E3D-82A8-F8CF75F32845}.Release|ARM64.Deploy.0 = Release|Any CPU
		{50E32F4E-BD5A-4E3D-82A8-F8CF75F32845}.Release|x64.ActiveCfg = Release|Any CPU
		{50E32F4E-BD5A-4E3D-82A8-F8CF75F32845}.Release|x64.Build.0 = Release|Any CPU
		{50E32F4E-BD5A-4E3D-82A8-F8CF75F32845}.Release|x64.Deploy.0 = Release|Any CPU
		{50E32F4E-BD5A-4E3D-82A8-F8CF75F32845}.Release|x86.ActiveCfg = Release|Any CPU
		{50E32F4E-BD5A-4E3D-82A8-F8CF75F32845}.Release|x86.Build.0 = Release|Any CPU
		{50E32F4E-BD5A-4E3D-82A8-F8CF75F32845}.Release|x86.Deploy.0 = Release|Any CPU
		{31B13A8F-7469-4C7F-AD31-E03CC428DE57}.Debug|ARM.ActiveCfg = Debug|Any CPU
		{31B13A8F-7469-4C7F-AD31-E03CC428DE57}.Debug|ARM.Build.0 = Debug|Any CPU
		{31B13A8F-7469-4C7F-AD31-E03CC428DE57}.Debug|ARM64.ActiveCfg = Debug|Any CPU
		{31B13A8F-7469-4C7F-AD31-E03CC428DE57}.Debug|ARM64.Build.0 = Debug|Any CPU
		{31B13A8F-7469-4C7F-AD31-E03CC428DE57}.Debug|x64.ActiveCfg = Debug|Any CPU
		{31B13A8F-7469-4C7F-AD31-E03CC428DE57}.Debug|x64.Build.0 = Debug|Any CPU
		{31B13A8F-7469-4C7F-AD31-E03CC428DE57}.Debug|x86.ActiveCfg = Debug|Any CPU
		{31B13A8F-7469-4C7F-AD31-E03CC428DE57}.Debug|x86.Build.0 = Debug|Any CPU
		{31B13A8F-7469-4C7F-AD31-E03CC428DE57}.Release|ARM.ActiveCfg = Release|Any CPU
		{31B13A8F-7469-4C7F-AD31-E03CC428DE57}.Release|ARM.Build.0 = Release|Any CPU
		{31B13A8F-7469-4C7F-AD31-E03CC428DE57}.Release|ARM64.ActiveCfg = Release|Any CPU
		{31B13A8F-7469-4C7F-AD31-E03CC428DE57}.Release|ARM64.Build.0 = Release|Any CPU
		{31B13A8F-7469-4C7F-AD31-E03CC428DE57}.Release|x64.ActiveCfg = Release|Any CPU
		{31B13A8F-7469-4C7F-AD31-E03CC428DE57}.Release|x64.Build.0 = Release|Any CPU
		{31B13A8F-7469-4C7F-AD31-E03CC428DE57}.Release|x86.ActiveCfg = Release|Any CPU
		{31B13A8F-7469-4C7F-AD31-E03CC428DE57}.Release|x86.Build.0 = Release|Any CPU
		{A380DC71-4AB0-41C0-84A7-B2D1F8CFBF4B}.Debug|ARM.ActiveCfg = Debug|ARM
		{A380DC71-4AB0-41C0-84A7-B2D1F8CFBF4B}.Debug|ARM.Build.0 = Debug|ARM
		{A380DC71-4AB0-41C0-84A7-B2D1F8CFBF4B}.Debug|ARM64.ActiveCfg = Debug|ARM64
		{A380DC71-4AB0-41C0-84A7-B2D1F8CFBF4B}.Debug|ARM64.Build.0 = Debug|ARM64
		{A380DC71-4AB0-41C0-84A7-B2D1F8CFBF4B}.Debug|x64.ActiveCfg = Debug|x64
		{A380DC71-4AB0-41C0-84A7-B2D1F8CFBF4B}.Debug|x64.Build.0 = Debug|x64
		{A380DC71-4AB0-41C0-84A7-B2D1F8CFBF4B}.Debug|x86.ActiveCfg = Debug|x86
		{A380DC71-4AB0-41C0-84A7-B2D1F8CFBF4B}.Debug|x86.Build.0 = Debug|x86
		{A380DC71-4AB0-41C0-84A7-B2D1F8CFBF4B}.Release|ARM.ActiveCfg = Release|ARM
		{A380DC71-4AB0-41C0-84A7-B2D1F8CFBF4B}.Release|ARM.Build.0 = Release|ARM
		{A380DC71-4AB0-41C0-84A7-B2D1F8CFBF4B}.Release|ARM64.ActiveCfg = Release|ARM64
		{A380DC71-4AB0-41C0-84A7-B2D1F8CFBF4B}.Release|ARM64.Build.0 = Release|ARM64
		{A380DC71-4AB0-41C0-84A7-B2D1F8CFBF4B}.Release|x64.ActiveCfg = Release|x64
		{A380DC71-4AB0-41C0-84A7-B2D1F8CFBF4B}.Release|x64.Build.0 = Release|x64
		{A380DC71-4AB0-41C0-84A7-B2D1F8CFBF4B}.Release|x86.ActiveCfg = Release|x86
		{A380DC71-4AB0-41C0-84A7-B2D1F8CFBF4B}.Release|x86.Build.0 = Release|x86
	EndGlobalSection
	GlobalSection(SolutionProperties) = preSolution
		HideSolutionNode = FALSE
	EndGlobalSection
	GlobalSection(ExtensibilityGlobals) = postSolution
		SolutionGuid = {D1736A86-2FF5-4FFB-879B-48AD348D5D56}
	EndGlobalSection
EndGlobal
