<?xml version="1.0" encoding="utf-8"?>
<Project ToolsVersion="4.0" xmlns="http://schemas.microsoft.com/developer/msbuild/2003">
  <ItemGroup>
    <ClInclude Include="gen\core_device_proxy.h">
      <Filter>gen</Filter>
    </ClInclude>
    <ClInclude Include="gen\core_router_proxy.h">
      <Filter>gen</Filter>
    </ClInclude>
    <ClInclude Include="gen\device_interface.h">
      <Filter>gen</Filter>
    </ClInclude>
    <ClInclude Include="controller_simulator.h">
      <Filter>include</Filter>
    </ClInclude>
    <ClInclude Include="device_impl.h">
      <Filter>include</Filter>
    </ClInclude>
    <ClInclude Include="..\..\..\..\libraries\conct_core\conct_array.h">
      <Filter>libraries\conct_core</Filter>
    </ClInclude>
    <ClInclude Include="..\..\..\..\libraries\conct_core\conct_array_view.h">
      <Filter>libraries\conct_core</Filter>
    </ClInclude>
    <ClInclude Include="..\..\..\..\libraries\conct_core\conct_ascii.h">
      <Filter>libraries\conct_core</Filter>
    </ClInclude>
    <ClInclude Include="..\..\..\..\libraries\conct_core\conct_core.h">
      <Filter>libraries\conct_core</Filter>
    </ClInclude>
    <ClInclude Include="..\..\..\..\libraries\conct_core\conct_flags.h">
      <Filter>libraries\conct_core</Filter>
    </ClInclude>
    <ClInclude Include="..\..\..\..\libraries\conct_core\conct_functions.h">
      <Filter>libraries\conct_core</Filter>
    </ClInclude>
    <ClInclude Include="..\..\..\..\libraries\conct_core\conct_memory.h">
      <Filter>libraries\conct_core</Filter>
    </ClInclude>
    <ClInclude Include="..\..\..\..\libraries\conct_core\conct_number_limits.h">
      <Filter>libraries\conct_core</Filter>
    </ClInclude>
    <ClInclude Include="..\..\..\..\libraries\conct_core\conct_port.h">
      <Filter>libraries\conct_core</Filter>
    </ClInclude>
    <ClInclude Include="..\..\..\..\libraries\conct_core\conct_reader.h">
      <Filter>libraries\conct_core</Filter>
    </ClInclude>
    <ClInclude Include="..\..\..\..\libraries\conct_core\conct_relative_array.h">
      <Filter>libraries\conct_core</Filter>
    </ClInclude>
    <ClInclude Include="..\..\..\..\libraries\conct_core\conct_relative_pointer.h">
      <Filter>libraries\conct_core</Filter>
    </ClInclude>
    <ClInclude Include="..\..\..\..\libraries\conct_core\conct_result.h">
      <Filter>libraries\conct_core</Filter>
    </ClInclude>
    <ClInclude Include="..\..\..\..\libraries\conct_core\conct_string.h">
      <Filter>libraries\conct_core</Filter>
    </ClInclude>
    <ClInclude Include="..\..\..\..\libraries\conct_core\conct_structs.h">
      <Filter>libraries\conct_core</Filter>
    </ClInclude>
    <ClInclude Include="..\..\..\..\libraries\conct_core\conct_timer.h">
      <Filter>libraries\conct_core</Filter>
    </ClInclude>
    <ClInclude Include="..\..\..\..\libraries\conct_core\conct_value_type.h">
      <Filter>libraries\conct_core</Filter>
    </ClInclude>
    <ClInclude Include="..\..\..\..\libraries\conct_core\conct_writer.h">
      <Filter>libraries\conct_core</Filter>
    </ClInclude>
    <ClInclude Include="..\..\..\..\libraries\conct_runtime\conct_buffered_value_builder.h">
      <Filter>libraries\conct_runtime</Filter>
    </ClInclude>
    <ClInclude Include="..\..\..\..\libraries\conct_runtime\conct_data_builder.h">
      <Filter>libraries\conct_runtime</Filter>
    </ClInclude>
    <ClInclude Include="..\..\..\..\libraries\conct_runtime\conct_device.h">
      <Filter>libraries\conct_runtime</Filter>
    </ClInclude>
    <ClInclude Include="..\..\..\..\libraries\conct_runtime\conct_proxy.h">
      <Filter>libraries\conct_runtime</Filter>
    </ClInclude>
    <ClInclude Include="..\..\..\..\libraries\conct_runtime\conct_runtime.h">
      <Filter>libraries\conct_runtime</Filter>
    </ClInclude>
    <ClInclude Include="..\..\..\..\libraries\conct_runtime\conct_value.h">
      <Filter>libraries\conct_runtime</Filter>
    </ClInclude>
    <ClInclude Include="..\..\..\..\libraries\conct_runtime\conct_value_builder.h">
      <Filter>libraries\conct_runtime</Filter>
    </ClInclude>
    <ClInclude Include="..\..\..\..\libraries\conct_runtime\conct_value_triats.h">
      <Filter>libraries\conct_runtime</Filter>
    </ClInclude>
    <ClInclude Include="..\..\..\..\libraries\conct_runtime_high\conct_command.h">
      <Filter>libraries\conct_runtime_high</Filter>
    </ClInclude>
    <ClInclude Include="..\..\..\..\libraries\conct_runtime_high\conct_controller.h">
      <Filter>libraries\conct_runtime_high</Filter>
    </ClInclude>
    <ClInclude Include="..\..\..\..\libraries\conct_runtime_high\conct_router.h">
      <Filter>libraries\conct_runtime_high</Filter>
    </ClInclude>
    <ClInclude Include="..\..\..\..\libraries\conct_runtime_high\conct_runtime_high.h">
      <Filter>libraries\conct_runtime_high</Filter>
    </ClInclude>
    <ClInclude Include="..\..\..\..\libraries\conct_runtime_high\conct_value_high.h">
      <Filter>libraries\conct_runtime_high</Filter>
    </ClInclude>
    <ClInclude Include="..\..\..\..\libraries\conct_core_high\conct_core_high.h">
      <Filter>libraries\conct_core_high</Filter>
    </ClInclude>
    <ClInclude Include="..\..\..\..\libraries\conct_core_high\conct_dynamic_string.h">
      <Filter>libraries\conct_core_high</Filter>
    </ClInclude>
    <ClInclude Include="..\..\..\..\libraries\conct_core_high\conct_queue.h">
      <Filter>libraries\conct_core_high</Filter>
    </ClInclude>
    <ClInclude Include="..\..\..\..\libraries\conct_core_high\conct_string_tools.h">
      <Filter>libraries\conct_core_high</Filter>
    </ClInclude>
    <ClInclude Include="..\..\..\..\libraries\conct_core_high\conct_vector.h">
      <Filter>libraries\conct_core_high</Filter>
    </ClInclude>
    <ClInclude Include="..\..\..\..\libraries\conct_port_tcp_client\conct_port_tcp_client.h">
      <Filter>libraries\conct_port_tcp_client</Filter>
    </ClInclude>
    <ClInclude Include="..\..\..\..\libraries\conct_core_high\conct_trace.h">
      <Filter>libraries\conct_core_high</Filter>
    </ClInclude>
  </ItemGroup>
  <ItemGroup>
    <ClCompile Include="gen\core_router_proxy.cpp">
      <Filter>gen</Filter>
    </ClCompile>
    <ClCompile Include="gen\device_interface.cpp">
      <Filter>gen</Filter>
    </ClCompile>
    <ClCompile Include="gen\core_device_proxy.cpp">
      <Filter>gen</Filter>
    </ClCompile>
    <ClCompile Include="controller_simulator.cpp">
      <Filter>sources</Filter>
    </ClCompile>
    <ClCompile Include="device_impl.cpp">
      <Filter>sources</Filter>
    </ClCompile>
    <ClCompile Include="..\..\..\..\libraries\conct_core\conct_ascii.cpp">
      <Filter>libraries\conct_core</Filter>
    </ClCompile>
    <ClCompile Include="..\..\..\..\libraries\conct_core\conct_functions.cpp">
      <Filter>libraries\conct_core</Filter>
    </ClCompile>
    <ClCompile Include="..\..\..\..\libraries\conct_core\conct_memory.cpp">
      <Filter>libraries\conct_core</Filter>
    </ClCompile>
    <ClCompile Include="..\..\..\..\libraries\conct_core\conct_reader.cpp">
      <Filter>libraries\conct_core</Filter>
    </ClCompile>
    <ClCompile Include="..\..\..\..\libraries\conct_core\conct_timer.cpp">
      <Filter>libraries\conct_core</Filter>
    </ClCompile>
    <ClCompile Include="..\..\..\..\libraries\conct_core\conct_value_type.cpp">
      <Filter>libraries\conct_core</Filter>
    </ClCompile>
    <ClCompile Include="..\..\..\..\libraries\conct_core\conct_writer.cpp">
      <Filter>libraries\conct_core</Filter>
    </ClCompile>
    <ClCompile Include="..\..\..\..\libraries\conct_runtime\conct_buffered_value_builder.cpp">
      <Filter>libraries\conct_runtime</Filter>
    </ClCompile>
    <ClCompile Include="..\..\..\..\libraries\conct_runtime\conct_data_builder.cpp">
      <Filter>libraries\conct_runtime</Filter>
    </ClCompile>
    <ClCompile Include="..\..\..\..\libraries\conct_runtime\conct_device.cpp">
      <Filter>libraries\conct_runtime</Filter>
    </ClCompile>
    <ClCompile Include="..\..\..\..\libraries\conct_runtime\conct_proxy.cpp">
      <Filter>libraries\conct_runtime</Filter>
    </ClCompile>
    <ClCompile Include="..\..\..\..\libraries\conct_runtime\conct_value.cpp">
      <Filter>libraries\conct_runtime</Filter>
    </ClCompile>
    <ClCompile Include="..\..\..\..\libraries\conct_runtime\conct_value_builder.cpp">
      <Filter>libraries\conct_runtime</Filter>
    </ClCompile>
    <ClCompile Include="..\..\..\..\libraries\conct_runtime_high\conct_command.cpp">
      <Filter>libraries\conct_runtime_high</Filter>
    </ClCompile>
    <ClCompile Include="..\..\..\..\libraries\conct_runtime_high\conct_controller.cpp">
      <Filter>libraries\conct_runtime_high</Filter>
    </ClCompile>
    <ClCompile Include="..\..\..\..\libraries\conct_runtime_high\conct_router.cpp">
      <Filter>libraries\conct_runtime_high</Filter>
    </ClCompile>
    <ClCompile Include="..\..\..\..\libraries\conct_runtime_high\conct_runtime_high.cpp">
      <Filter>libraries\conct_runtime_high</Filter>
    </ClCompile>
    <ClCompile Include="..\..\..\..\libraries\conct_runtime_high\conct_value_high.cpp">
      <Filter>libraries\conct_runtime_high</Filter>
    </ClCompile>
    <ClCompile Include="..\..\..\..\libraries\conct_core_high\conct_dynamic_string.cpp">
      <Filter>libraries\conct_core_high</Filter>
    </ClCompile>
    <ClCompile Include="..\..\..\..\libraries\conct_core_high\conct_string_tools.cpp">
      <Filter>libraries\conct_core_high</Filter>
    </ClCompile>
    <ClCompile Include="..\..\..\..\libraries\conct_port_tcp_client\conct_port_tcp_client.cpp">
      <Filter>libraries\conct_port_tcp_client</Filter>
    </ClCompile>
    <ClCompile Include="..\..\..\..\libraries\conct_runtime\conct_runtime.cpp">
      <Filter>libraries\conct_runtime</Filter>
    </ClCompile>
    <ClCompile Include="..\..\..\..\libraries\conct_core_high\conct_trace.cpp">
      <Filter>libraries\conct_core_high</Filter>
    </ClCompile>
  </ItemGroup>
  <ItemGroup>
    <Xml Include="device.xml" />
  </ItemGroup>
  <ItemGroup>
    <Filter Include="gen">
      <UniqueIdentifier>{b3ec8339-8b5c-42a6-b48c-03da3dd4bfe1}</UniqueIdentifier>
    </Filter>
    <Filter Include="include">
      <UniqueIdentifier>{45a5a3ea-61e6-4d2b-8bc6-c5649b3e7951}</UniqueIdentifier>
    </Filter>
    <Filter Include="sources">
      <UniqueIdentifier>{b6d169d3-437a-4056-8d09-4b711adcbedb}</UniqueIdentifier>
    </Filter>
    <Filter Include="libraries">
      <UniqueIdentifier>{1c02cb83-df0b-4c75-a9dd-6b129192a2ca}</UniqueIdentifier>
    </Filter>
    <Filter Include="libraries\conct_core">
      <UniqueIdentifier>{4f9bde39-b346-4051-990c-937719bbb2e8}</UniqueIdentifier>
    </Filter>
    <Filter Include="libraries\conct_runtime">
      <UniqueIdentifier>{c4a98eb9-a6e3-4641-ab5d-25d910c704b1}</UniqueIdentifier>
    </Filter>
    <Filter Include="libraries\conct_runtime_high">
      <UniqueIdentifier>{fca19940-1d2b-4778-a2e8-b796e07d87ed}</UniqueIdentifier>
    </Filter>
    <Filter Include="libraries\conct_core_high">
      <UniqueIdentifier>{df3027eb-380f-4adb-9133-064adabcd791}</UniqueIdentifier>
    </Filter>
    <Filter Include="libraries\conct_port_tcp_client">
      <UniqueIdentifier>{30221438-9672-49f0-aee2-1f625b71c578}</UniqueIdentifier>
    </Filter>
  </ItemGroup>
  <ItemGroup>
    <None Include="..\..\..\..\libraries\conct_core\conct_array.inl">
      <Filter>libraries\conct_core</Filter>
    </None>
    <None Include="..\..\..\..\libraries\conct_core\conct_array_view.inl">
      <Filter>libraries\conct_core</Filter>
    </None>
    <None Include="..\..\..\..\libraries\conct_core\conct_flags.inl">
      <Filter>libraries\conct_core</Filter>
    </None>
    <None Include="..\..\..\..\libraries\conct_core\conct_memory.inl">
      <Filter>libraries\conct_core</Filter>
    </None>
    <None Include="..\..\..\..\libraries\conct_core\conct_reader.inl">
      <Filter>libraries\conct_core</Filter>
    </None>
    <None Include="..\..\..\..\libraries\conct_core\conct_relative_array.inl">
      <Filter>libraries\conct_core</Filter>
    </None>
    <None Include="..\..\..\..\libraries\conct_core\conct_relative_pointer.inl">
      <Filter>libraries\conct_core</Filter>
    </None>
    <None Include="..\..\..\..\libraries\conct_core\conct_string.inl">
      <Filter>libraries\conct_core</Filter>
    </None>
    <None Include="..\..\..\..\libraries\conct_core\conct_writer.inl">
      <Filter>libraries\conct_core</Filter>
    </None>
    <None Include="..\..\..\..\libraries\conct_runtime\conct_buffered_value_builder.inl">
      <Filter>libraries\conct_runtime</Filter>
    </None>
    <None Include="..\..\..\..\libraries\conct_runtime\conct_data_builder.inl">
      <Filter>libraries\conct_runtime</Filter>
    </None>
    <None Include="..\..\..\..\libraries\conct_runtime\conct_value_builder.inl">
      <Filter>libraries\conct_runtime</Filter>
    </None>
    <None Include="..\..\..\..\libraries\conct_runtime\conct_value_triats.inl">
      <Filter>libraries\conct_runtime</Filter>
    </None>
    <None Include="..\..\..\..\libraries\conct_runtime_high\conct_command.inl">
      <Filter>libraries\conct_runtime_high</Filter>
    </None>
    <None Include="..\..\..\..\libraries\conct_runtime_high\conct_value_high.inl">
      <Filter>libraries\conct_runtime_high</Filter>
    </None>
    <None Include="..\..\..\..\libraries\conct_core_high\conct_queue.inl">
      <Filter>libraries\conct_core_high</Filter>
    </None>
    <None Include="..\..\..\..\libraries\conct_core_high\conct_vector.inl">
      <Filter>libraries\conct_core_high</Filter>
    </None>
  </ItemGroup>
</Project>