<?xml version="1.0" encoding="utf-8"?>
<Project ToolsVersion="4.0" xmlns="http://schemas.microsoft.com/developer/msbuild/2003">
  <ItemGroup>
    <Filter Include="settings">
      <UniqueIdentifier>{710ed453-f350-4f8c-aee6-d6ae1c467b59}</UniqueIdentifier>
    </Filter>
    <Filter Include="project">
      <UniqueIdentifier>{54f3a6c9-badc-4f9e-bec1-32e031baee9a}</UniqueIdentifier>
      <Extensions>cpp;c;cc;cxx;def;odl;idl;hpj;bat;asm;asmx</Extensions>
    </Filter>
    <Filter Include="libraries">
      <UniqueIdentifier>{8a299360-913c-4161-995d-58cd9f2a3860}</UniqueIdentifier>
    </Filter>
    <Filter Include="libraries\rf24">
      <UniqueIdentifier>{9090cfc5-47c9-4b0c-bf81-90fbb1d636db}</UniqueIdentifier>
    </Filter>
    <Filter Include="libraries\rf24\utility">
      <UniqueIdentifier>{1e02bf98-57e6-4620-a0cb-0639942ead26}</UniqueIdentifier>
    </Filter>
    <Filter Include="libraries\rf24\utility\RPi">
      <UniqueIdentifier>{325d0f27-ee9e-4a88-b3a0-fc30f23af8be}</UniqueIdentifier>
    </Filter>
  </ItemGroup>
  <ItemGroup>
    <None Include="rpi_nrf24l01_test-Debug.vgdbsettings">
      <Filter>settings</Filter>
    </None>
    <None Include="rpi_nrf24l01_test-Release.vgdbsettings">
      <Filter>settings</Filter>
    </None>
  </ItemGroup>
  <ItemGroup>
    <ClCompile Include="main.cpp">
      <Filter>project</Filter>
    </ClCompile>
    <ClCompile Include="..\..\libraries\rf24\RF24.cpp">
      <Filter>libraries\rf24</Filter>
    </ClCompile>
    <ClCompile Include="..\..\libraries\rf24\utility\RPi\spi.cpp">
      <Filter>libraries\rf24\utility\RPi</Filter>
    </ClCompile>
    <ClCompile Include="..\..\libraries\rf24\utility\RPi\bcm2835.c">
      <Filter>libraries\rf24\utility\RPi</Filter>
    </ClCompile>
  </ItemGroup>
  <ItemGroup>
    <ClInclude Include="..\..\libraries\rf24\RF24_config.h">
      <Filter>libraries\rf24</Filter>
    </ClInclude>
    <ClInclude Include="..\..\libraries\rf24\nRF24L01.h">
      <Filter>libraries\rf24</Filter>
    </ClInclude>
    <ClInclude Include="..\..\libraries\rf24\RF24.h">
      <Filter>libraries\rf24</Filter>
    </ClInclude>
    <ClInclude Include="..\..\libraries\rf24\utility\RPi\bcm2835.h">
      <Filter>libraries\rf24\utility\RPi</Filter>
    </ClInclude>
    <ClInclude Include="..\..\libraries\rf24\utility\RPi\includes.h">
      <Filter>libraries\rf24\utility\RPi</Filter>
    </ClInclude>
    <ClInclude Include="..\..\libraries\rf24\utility\RPi\RF24_arch_config.h">
      <Filter>libraries\rf24\utility\RPi</Filter>
    </ClInclude>
    <ClInclude Include="..\..\libraries\rf24\utility\RPi\spi.h">
      <Filter>libraries\rf24\utility\RPi</Filter>
    </ClInclude>
  </ItemGroup>
</Project>