<?xml version="1.0" encoding="utf-8"?>
<Project ToolsVersion="4.0" xmlns="http://schemas.microsoft.com/developer/msbuild/2003">
  <ItemGroup>
    <Filter Include="include">
      <UniqueIdentifier>{93995380-89BD-4b04-88EB-625FBE52EBFB}</UniqueIdentifier>
      <Extensions>h;hh;hpp;hxx;hm;inl;inc;xsd</Extensions>
    </Filter>
    <Filter Include="sources">
      <UniqueIdentifier>{4FC737F1-C7A5-4376-A066-2A32D752A2FF}</UniqueIdentifier>
      <Extensions>cpp;c;cc;cxx;def;odl;idl;hpj;bat;asm;asmx</Extensions>
    </Filter>
    <Filter Include="gen">
      <UniqueIdentifier>{22bd782f-0791-4e63-bc18-2a3ef2d7ece2}</UniqueIdentifier>
    </Filter>
    <Filter Include="libraries">
      <UniqueIdentifier>{45fad8e7-bfde-4d79-bfef-3728d6ee24ef}</UniqueIdentifier>
    </Filter>
    <Filter Include="libraries\conct_core">
      <UniqueIdentifier>{14f85506-4610-4f8f-b417-4fa81076847d}</UniqueIdentifier>
    </Filter>
    <Filter Include="libraries\conct_runtime">
      <UniqueIdentifier>{30849218-6958-4fd9-90e3-8e4ea891ea51}</UniqueIdentifier>
    </Filter>
    <Filter Include="libraries\conct_runtime_high">
      <UniqueIdentifier>{d53511c4-7177-434c-bf83-74d507b15ae0}</UniqueIdentifier>
    </Filter>
    <Filter Include="shared">
      <UniqueIdentifier>{37079177-96e3-4ff2-9903-31a126048f10}</UniqueIdentifier>
    </Filter>
    <Filter Include="libraries\conct_core_high">
      <UniqueIdentifier>{b988e0ce-3f28-445d-b389-f7797a982cff}</UniqueIdentifier>
    </Filter>
    <Filter Include="libraries\conct_port_tcp_server">
      <UniqueIdentifier>{fe3335ad-9074-4d30-b62e-26ada7f5e0af}</UniqueIdentifier>
    </Filter>
    <Filter Include="libraries\conct_port_serial">
      <UniqueIdentifier>{ccd95ae6-272f-4f05-8a7a-0fdae1b13bde}</UniqueIdentifier>
    </Filter>
    <Filter Include="libraries\conct_port_serial\simulator">
      <UniqueIdentifier>{94a6424e-ed18-4c50-83f5-00ee4f57deee}</UniqueIdentifier>
    </Filter>
    <Filter Include="libraries\Crypto">
      <UniqueIdentifier>{3b6bf9f1-5c6e-417f-bc96-0e96b01eff10}</UniqueIdentifier>
    </Filter>
  </ItemGroup>
  <ItemGroup>
    <ClInclude Include="gen\device_interface.h">
      <Filter>gen</Filter>
    </ClInclude>
    <ClInclude Include="device_impl.h">
      <Filter>include</Filter>
    </ClInclude>
    <ClInclude Include="router_simulator.h">
      <Filter>include</Filter>
    </ClInclude>
    <ClInclude Include="..\shared\i_simulator_context.h">
      <Filter>shared</Filter>
    </ClInclude>
    <ClInclude Include="gen\core_router_proxy.h">
      <Filter>gen</Filter>
    </ClInclude>
    <ClInclude Include="gen\core_device_proxy.h">
      <Filter>gen</Filter>
    </ClInclude>
    <ClInclude Include="gen\core_instance.h">
      <Filter>gen</Filter>
    </ClInclude>
    <ClInclude Include="..\..\..\..\libraries\conct_core_high\conct_string_tools.h">
      <Filter>libraries\conct_core_high</Filter>
    </ClInclude>
    <ClInclude Include="..\..\..\..\libraries\conct_core_high\conct_vector.h">
      <Filter>libraries\conct_core_high</Filter>
    </ClInclude>
    <ClInclude Include="..\..\..\..\libraries\conct_core_high\conct_core_high.h">
      <Filter>libraries\conct_core_high</Filter>
    </ClInclude>
    <ClInclude Include="..\..\..\..\libraries\conct_core_high\conct_dynamic_string.h">
      <Filter>libraries\conct_core_high</Filter>
    </ClInclude>
    <ClInclude Include="..\..\..\..\libraries\conct_core_high\conct_queue.h">
      <Filter>libraries\conct_core_high</Filter>
    </ClInclude>
    <ClInclude Include="..\..\..\..\libraries\conct_runtime\conct_device.h">
      <Filter>libraries\conct_runtime</Filter>
    </ClInclude>
    <ClInclude Include="..\..\..\..\libraries\conct_runtime\conct_proxy.h">
      <Filter>libraries\conct_runtime</Filter>
    </ClInclude>
    <ClInclude Include="..\..\..\..\libraries\conct_runtime\conct_runtime.h">
      <Filter>libraries\conct_runtime</Filter>
    </ClInclude>
    <ClInclude Include="..\..\..\..\libraries\conct_runtime\conct_value.h">
      <Filter>libraries\conct_runtime</Filter>
    </ClInclude>
    <ClInclude Include="..\..\..\..\libraries\conct_runtime\conct_value_builder.h">
      <Filter>libraries\conct_runtime</Filter>
    </ClInclude>
    <ClInclude Include="..\..\..\..\libraries\conct_runtime\conct_value_triats.h">
      <Filter>libraries\conct_runtime</Filter>
    </ClInclude>
    <ClInclude Include="..\..\..\..\libraries\conct_runtime\conct_buffered_value_builder.h">
      <Filter>libraries\conct_runtime</Filter>
    </ClInclude>
    <ClInclude Include="..\..\..\..\libraries\conct_runtime\conct_data_builder.h">
      <Filter>libraries\conct_runtime</Filter>
    </ClInclude>
    <ClInclude Include="..\..\..\..\libraries\conct_runtime_high\conct_router.h">
      <Filter>libraries\conct_runtime_high</Filter>
    </ClInclude>
    <ClInclude Include="..\..\..\..\libraries\conct_runtime_high\conct_runtime_high.h">
      <Filter>libraries\conct_runtime_high</Filter>
    </ClInclude>
    <ClInclude Include="..\..\..\..\libraries\conct_runtime_high\conct_value_high.h">
      <Filter>libraries\conct_runtime_high</Filter>
    </ClInclude>
    <ClInclude Include="..\..\..\..\libraries\conct_runtime_high\conct_command.h">
      <Filter>libraries\conct_runtime_high</Filter>
    </ClInclude>
    <ClInclude Include="..\..\..\..\libraries\conct_runtime_high\conct_controller.h">
      <Filter>libraries\conct_runtime_high</Filter>
    </ClInclude>
    <ClInclude Include="..\..\..\..\libraries\conct_port_tcp_server\conct_port_tcp_server.h">
      <Filter>libraries\conct_port_tcp_server</Filter>
    </ClInclude>
    <ClInclude Include="..\..\..\..\libraries\conct_core_high\conct_trace.h">
      <Filter>libraries\conct_core_high</Filter>
    </ClInclude>
    <ClInclude Include="..\..\..\..\libraries\conct_port_serial\conct_port_serial.h">
      <Filter>libraries\conct_port_serial</Filter>
    </ClInclude>
    <ClInclude Include="..\shared\i_simulator_device.h">
      <Filter>shared</Filter>
    </ClInclude>
    <ClInclude Include="..\..\..\..\libraries\conct_core_high\conct_map.h">
      <Filter>libraries\conct_core_high</Filter>
    </ClInclude>
    <ClInclude Include="..\..\..\..\libraries\conct_core_high\conct_thread_local_storage.h">
      <Filter>libraries\conct_core_high</Filter>
    </ClInclude>
    <ClInclude Include="..\..\..\..\libraries\conct_core_high\conct_atomic.h">
      <Filter>libraries\conct_core_high</Filter>
    </ClInclude>
    <ClInclude Include="..\shared\i_simulator_device_context.h">
      <Filter>shared</Filter>
    </ClInclude>
    <ClInclude Include="..\..\..\..\libraries\conct_port_serial\simulator\conct_port_serial_arduino_interface_sim.h">
      <Filter>libraries\conct_port_serial\simulator</Filter>
    </ClInclude>
    <ClInclude Include="..\..\..\..\libraries\conct_port_serial\simulator\conct_port_serial_sim.h">
      <Filter>libraries\conct_port_serial\simulator</Filter>
    </ClInclude>
    <ClInclude Include="..\..\..\..\libraries\Crypto\Cipher.h">
      <Filter>libraries\Crypto</Filter>
    </ClInclude>
    <ClInclude Include="..\..\..\..\libraries\Crypto\Crypto.h">
      <Filter>libraries\Crypto</Filter>
    </ClInclude>
    <ClInclude Include="..\..\..\..\libraries\Crypto\ChaCha.h">
      <Filter>libraries\Crypto</Filter>
    </ClInclude>
    <ClInclude Include="..\..\..\..\libraries\conct_core\conct_crc16.h">
      <Filter>libraries\conct_core</Filter>
    </ClInclude>
    <ClInclude Include="..\..\..\..\libraries\conct_core\conct_flags.h">
      <Filter>libraries\conct_core</Filter>
    </ClInclude>
    <ClInclude Include="..\..\..\..\libraries\conct_core\conct_functions.h">
      <Filter>libraries\conct_core</Filter>
    </ClInclude>
    <ClInclude Include="..\..\..\..\libraries\conct_core\conct_memory.h">
      <Filter>libraries\conct_core</Filter>
    </ClInclude>
    <ClInclude Include="..\..\..\..\libraries\conct_core\conct_number_limits.h">
      <Filter>libraries\conct_core</Filter>
    </ClInclude>
    <ClInclude Include="..\..\..\..\libraries\conct_core\conct_platform.h">
      <Filter>libraries\conct_core</Filter>
    </ClInclude>
    <ClInclude Include="..\..\..\..\libraries\conct_core\conct_port.h">
      <Filter>libraries\conct_core</Filter>
    </ClInclude>
    <ClInclude Include="..\..\..\..\libraries\conct_core\conct_reader.h">
      <Filter>libraries\conct_core</Filter>
    </ClInclude>
    <ClInclude Include="..\..\..\..\libraries\conct_core\conct_relative_array.h">
      <Filter>libraries\conct_core</Filter>
    </ClInclude>
    <ClInclude Include="..\..\..\..\libraries\conct_core\conct_relative_pointer.h">
      <Filter>libraries\conct_core</Filter>
    </ClInclude>
    <ClInclude Include="..\..\..\..\libraries\conct_core\conct_result.h">
      <Filter>libraries\conct_core</Filter>
    </ClInclude>
    <ClInclude Include="..\..\..\..\libraries\conct_core\conct_static_array.h">
      <Filter>libraries\conct_core</Filter>
    </ClInclude>
    <ClInclude Include="..\..\..\..\libraries\conct_core\conct_string.h">
      <Filter>libraries\conct_core</Filter>
    </ClInclude>
    <ClInclude Include="..\..\..\..\libraries\conct_core\conct_structs.h">
      <Filter>libraries\conct_core</Filter>
    </ClInclude>
    <ClInclude Include="..\..\..\..\libraries\conct_core\conct_timer.h">
      <Filter>libraries\conct_core</Filter>
    </ClInclude>
    <ClInclude Include="..\..\..\..\libraries\conct_core\conct_value_type.h">
      <Filter>libraries\conct_core</Filter>
    </ClInclude>
    <ClInclude Include="..\..\..\..\libraries\conct_core\conct_writer.h">
      <Filter>libraries\conct_core</Filter>
    </ClInclude>
    <ClInclude Include="..\..\..\..\libraries\conct_core\conct_array.h">
      <Filter>libraries\conct_core</Filter>
    </ClInclude>
    <ClInclude Include="..\..\..\..\libraries\conct_core\conct_array_view.h">
      <Filter>libraries\conct_core</Filter>
    </ClInclude>
    <ClInclude Include="..\..\..\..\libraries\conct_core\conct_ascii.h">
      <Filter>libraries\conct_core</Filter>
    </ClInclude>
    <ClInclude Include="..\..\..\..\libraries\conct_core\conct_core.h">
      <Filter>libraries\conct_core</Filter>
    </ClInclude>
    <ClInclude Include="..\..\..\..\libraries\conct_core\conct_core_c.h">
      <Filter>libraries\conct_core</Filter>
    </ClInclude>
    <ClInclude Include="..\..\..\..\libraries\conct_runtime_high\conct_runtime_high_types.h">
      <Filter>libraries\conct_core_high</Filter>
    </ClInclude>
  </ItemGroup>
  <ItemGroup>
    <ClCompile Include="gen\device_interface.cpp">
      <Filter>gen</Filter>
    </ClCompile>
    <ClCompile Include="device_impl.cpp">
      <Filter>sources</Filter>
    </ClCompile>
    <ClCompile Include="router_simulator.cpp">
      <Filter>sources</Filter>
    </ClCompile>
    <ClCompile Include="gen\core_router_proxy.cpp">
      <Filter>gen</Filter>
    </ClCompile>
    <ClCompile Include="gen\core_device_proxy.cpp">
      <Filter>gen</Filter>
    </ClCompile>
    <ClCompile Include="..\..\..\..\libraries\conct_core_high\conct_string_tools.cpp">
      <Filter>libraries\conct_core_high</Filter>
    </ClCompile>
    <ClCompile Include="..\..\..\..\libraries\conct_core_high\conct_dynamic_string.cpp">
      <Filter>libraries\conct_core_high</Filter>
    </ClCompile>
    <ClCompile Include="..\..\..\..\libraries\conct_runtime\conct_proxy.cpp">
      <Filter>libraries\conct_runtime</Filter>
    </ClCompile>
    <ClCompile Include="..\..\..\..\libraries\conct_runtime\conct_value.cpp">
      <Filter>libraries\conct_runtime</Filter>
    </ClCompile>
    <ClCompile Include="..\..\..\..\libraries\conct_runtime\conct_value_builder.cpp">
      <Filter>libraries\conct_runtime</Filter>
    </ClCompile>
    <ClCompile Include="..\..\..\..\libraries\conct_runtime\conct_buffered_value_builder.cpp">
      <Filter>libraries\conct_runtime</Filter>
    </ClCompile>
    <ClCompile Include="..\..\..\..\libraries\conct_runtime\conct_data_builder.cpp">
      <Filter>libraries\conct_runtime</Filter>
    </ClCompile>
    <ClCompile Include="..\..\..\..\libraries\conct_runtime\conct_device.cpp">
      <Filter>libraries\conct_runtime</Filter>
    </ClCompile>
    <ClCompile Include="..\..\..\..\libraries\conct_runtime_high\conct_router.cpp">
      <Filter>libraries\conct_runtime_high</Filter>
    </ClCompile>
    <ClCompile Include="..\..\..\..\libraries\conct_runtime_high\conct_runtime_high.cpp">
      <Filter>libraries\conct_runtime_high</Filter>
    </ClCompile>
    <ClCompile Include="..\..\..\..\libraries\conct_runtime_high\conct_value_high.cpp">
      <Filter>libraries\conct_runtime_high</Filter>
    </ClCompile>
    <ClCompile Include="..\..\..\..\libraries\conct_runtime_high\conct_command.cpp">
      <Filter>libraries\conct_runtime_high</Filter>
    </ClCompile>
    <ClCompile Include="..\..\..\..\libraries\conct_runtime_high\conct_controller.cpp">
      <Filter>libraries\conct_runtime_high</Filter>
    </ClCompile>
    <ClCompile Include="..\..\..\..\libraries\conct_port_tcp_server\conct_port_tcp_server.cpp">
      <Filter>libraries\conct_port_tcp_server</Filter>
    </ClCompile>
    <ClCompile Include="..\..\..\..\libraries\conct_runtime\conct_runtime.cpp">
      <Filter>libraries\conct_runtime</Filter>
    </ClCompile>
    <ClCompile Include="..\..\..\..\libraries\conct_core_high\conct_trace.cpp">
      <Filter>libraries\conct_core_high</Filter>
    </ClCompile>
    <ClCompile Include="..\..\..\..\libraries\conct_port_serial\conct_port_serial.cpp">
      <Filter>libraries\conct_port_serial</Filter>
    </ClCompile>
    <ClCompile Include="..\..\..\..\libraries\conct_core_high\conct_atomic.cpp">
      <Filter>libraries\conct_core_high</Filter>
    </ClCompile>
    <ClCompile Include="..\..\..\..\libraries\conct_port_serial\simulator\conct_port_serial_sim.cpp">
      <Filter>libraries\conct_port_serial\simulator</Filter>
    </ClCompile>
    <ClCompile Include="..\..\..\..\libraries\Crypto\Crypto.cpp">
      <Filter>libraries\Crypto</Filter>
    </ClCompile>
    <ClCompile Include="..\..\..\..\libraries\Crypto\ChaCha.cpp">
      <Filter>libraries\Crypto</Filter>
    </ClCompile>
    <ClCompile Include="..\..\..\..\libraries\Crypto\Cipher.cpp">
      <Filter>libraries\Crypto</Filter>
    </ClCompile>
    <ClCompile Include="..\..\..\..\libraries\conct_core\conct_crc16.cpp">
      <Filter>libraries\conct_core</Filter>
    </ClCompile>
    <ClCompile Include="..\..\..\..\libraries\conct_core\conct_functions.cpp">
      <Filter>libraries\conct_core</Filter>
    </ClCompile>
    <ClCompile Include="..\..\..\..\libraries\conct_core\conct_memory.cpp">
      <Filter>libraries\conct_core</Filter>
    </ClCompile>
    <ClCompile Include="..\..\..\..\libraries\conct_core\conct_reader.cpp">
      <Filter>libraries\conct_core</Filter>
    </ClCompile>
    <ClCompile Include="..\..\..\..\libraries\conct_core\conct_result.cpp">
      <Filter>libraries\conct_core</Filter>
    </ClCompile>
    <ClCompile Include="..\..\..\..\libraries\conct_core\conct_timer.cpp">
      <Filter>libraries\conct_core</Filter>
    </ClCompile>
    <ClCompile Include="..\..\..\..\libraries\conct_core\conct_value_type.cpp">
      <Filter>libraries\conct_core</Filter>
    </ClCompile>
    <ClCompile Include="..\..\..\..\libraries\conct_core\conct_writer.cpp">
      <Filter>libraries\conct_core</Filter>
    </ClCompile>
    <ClCompile Include="..\..\..\..\libraries\conct_core\conct_ascii.cpp">
      <Filter>libraries\conct_core</Filter>
    </ClCompile>
  </ItemGroup>
  <ItemGroup>
    <None Include="..\..\..\..\libraries\conct_core_high\conct_vector.inl">
      <Filter>libraries\conct_core_high</Filter>
    </None>
    <None Include="..\..\..\..\libraries\conct_core_high\conct_queue.inl">
      <Filter>libraries\conct_core_high</Filter>
    </None>
    <None Include="..\..\..\..\libraries\conct_runtime\conct_value_builder.inl">
      <Filter>libraries\conct_runtime</Filter>
    </None>
    <None Include="..\..\..\..\libraries\conct_runtime\conct_value_triats.inl">
      <Filter>libraries\conct_runtime</Filter>
    </None>
    <None Include="..\..\..\..\libraries\conct_runtime\conct_buffered_value_builder.inl">
      <Filter>libraries\conct_runtime</Filter>
    </None>
    <None Include="..\..\..\..\libraries\conct_runtime\conct_data_builder.inl">
      <Filter>libraries\conct_runtime</Filter>
    </None>
    <None Include="..\..\..\..\libraries\conct_runtime_high\conct_value_high.inl">
      <Filter>libraries\conct_runtime_high</Filter>
    </None>
    <None Include="..\..\..\..\libraries\conct_runtime_high\conct_command.inl">
      <Filter>libraries\conct_runtime_high</Filter>
    </None>
    <None Include="..\..\..\..\libraries\conct_core_high\conct_map.inl">
      <Filter>libraries\conct_core_high</Filter>
    </None>
    <None Include="..\..\..\..\libraries\conct_core_high\conct_atomic.inl">
      <Filter>libraries\conct_core_high</Filter>
    </None>
    <None Include="..\..\..\..\libraries\conct_core_high\conct_thread_local_storage.cpp">
      <Filter>libraries\conct_core_high</Filter>
    </None>
    <None Include="..\..\..\..\libraries\conct_core\conct_flags.inl">
      <Filter>libraries\conct_core</Filter>
    </None>
    <None Include="..\..\..\..\libraries\conct_core\conct_memory.inl">
      <Filter>libraries\conct_core</Filter>
    </None>
    <None Include="..\..\..\..\libraries\conct_core\conct_reader.inl">
      <Filter>libraries\conct_core</Filter>
    </None>
    <None Include="..\..\..\..\libraries\conct_core\conct_relative_array.inl">
      <Filter>libraries\conct_core</Filter>
    </None>
    <None Include="..\..\..\..\libraries\conct_core\conct_relative_pointer.inl">
      <Filter>libraries\conct_core</Filter>
    </None>
    <None Include="..\..\..\..\libraries\conct_core\conct_static_array.inl">
      <Filter>libraries\conct_core</Filter>
    </None>
    <None Include="..\..\..\..\libraries\conct_core\conct_string.inl">
      <Filter>libraries\conct_core</Filter>
    </None>
    <None Include="..\..\..\..\libraries\conct_core\conct_writer.inl">
      <Filter>libraries\conct_core</Filter>
    </None>
    <None Include="..\..\..\..\libraries\conct_core\conct_array.inl">
      <Filter>libraries\conct_core</Filter>
    </None>
    <None Include="..\..\..\..\libraries\conct_core\conct_array_view.inl">
      <Filter>libraries\conct_core</Filter>
    </None>
  </ItemGroup>
  <ItemGroup>
    <Xml Include="device.xml" />
  </ItemGroup>
</Project>