<?xml version="1.0" encoding="utf-8"?>
<Project ToolsVersion="4.0" xmlns="http://schemas.microsoft.com/developer/msbuild/2003">
  <ItemGroup>
    <Filter Include="gen">
      <UniqueIdentifier>{950bdf61-c730-40bd-aac7-37b94a9d34d8}</UniqueIdentifier>
    </Filter>
    <Filter Include="libraries">
      <UniqueIdentifier>{076dd56d-910f-45c0-9f85-c71a9ee1b820}</UniqueIdentifier>
    </Filter>
    <Filter Include="third_party">
      <UniqueIdentifier>{a93955a8-a685-47b4-a002-a229347af54f}</UniqueIdentifier>
    </Filter>
    <Filter Include="third_party\tinyxml2">
      <UniqueIdentifier>{c6897d7a-660a-4db3-be80-aa60dda1f9b6}</UniqueIdentifier>
    </Filter>
    <Filter Include="libraries\conct_core">
      <UniqueIdentifier>{3d8abb67-8fe1-49a9-a698-bbacc558bab1}</UniqueIdentifier>
    </Filter>
    <Filter Include="libraries\conct_core_high">
      <UniqueIdentifier>{9ec446e4-5e9d-463f-a0ff-f61a11052b36}</UniqueIdentifier>
    </Filter>
    <Filter Include="libraries\conct_runtime">
      <UniqueIdentifier>{e647d147-f913-41ad-8712-0e19ffb4a6bf}</UniqueIdentifier>
    </Filter>
    <Filter Include="libraries\conct_runtime_high">
      <UniqueIdentifier>{d8163b2e-3d06-4dce-b060-920c7bd13645}</UniqueIdentifier>
    </Filter>
    <Filter Include="libraries\conct_types">
      <UniqueIdentifier>{e21960f3-adad-46cc-818f-426354be4238}</UniqueIdentifier>
    </Filter>
    <Filter Include="libraries\conct_port_tcp_client">
      <UniqueIdentifier>{55332de1-e356-4717-b067-07f7e08d2e41}</UniqueIdentifier>
    </Filter>
  </ItemGroup>
  <ItemGroup>
    <ClCompile Include="gen\device_interface.cpp">
      <Filter>gen</Filter>
    </ClCompile>
    <ClCompile Include="gen\core_device_proxy.cpp">
      <Filter>gen</Filter>
    </ClCompile>
    <ClCompile Include="device_controller.cpp" />
    <ClCompile Include="device_c.cpp" />
    <ClCompile Include="..\..\..\third_party\tinyxml2\tinyxml2.cpp">
      <Filter>third_party\tinyxml2</Filter>
    </ClCompile>
    <ClCompile Include="..\..\..\libraries\conct_core\conct_ascii.cpp">
      <Filter>libraries\conct_core</Filter>
    </ClCompile>
    <ClCompile Include="..\..\..\libraries\conct_core\conct_crc16.cpp">
      <Filter>libraries\conct_core</Filter>
    </ClCompile>
    <ClCompile Include="..\..\..\libraries\conct_core\conct_functions.cpp">
      <Filter>libraries\conct_core</Filter>
    </ClCompile>
    <ClCompile Include="..\..\..\libraries\conct_core\conct_memory.cpp">
      <Filter>libraries\conct_core</Filter>
    </ClCompile>
    <ClCompile Include="..\..\..\libraries\conct_core\conct_reader.cpp">
      <Filter>libraries\conct_core</Filter>
    </ClCompile>
    <ClCompile Include="..\..\..\libraries\conct_core\conct_result.cpp">
      <Filter>libraries\conct_core</Filter>
    </ClCompile>
    <ClCompile Include="..\..\..\libraries\conct_core\conct_timer.cpp">
      <Filter>libraries\conct_core</Filter>
    </ClCompile>
    <ClCompile Include="..\..\..\libraries\conct_core\conct_value_type.cpp">
      <Filter>libraries\conct_core</Filter>
    </ClCompile>
    <ClCompile Include="..\..\..\libraries\conct_core\conct_writer.cpp">
      <Filter>libraries\conct_core</Filter>
    </ClCompile>
    <ClCompile Include="..\..\..\libraries\conct_core_high\conct_dynamic_string.cpp">
      <Filter>libraries\conct_core_high</Filter>
    </ClCompile>
    <ClCompile Include="..\..\..\libraries\conct_core_high\conct_filesystem.cpp">
      <Filter>libraries\conct_core_high</Filter>
    </ClCompile>
    <ClCompile Include="..\..\..\libraries\conct_core_high\conct_mutex.cpp">
      <Filter>libraries\conct_core_high</Filter>
    </ClCompile>
    <ClCompile Include="..\..\..\libraries\conct_core_high\conct_path.cpp">
      <Filter>libraries\conct_core_high</Filter>
    </ClCompile>
    <ClCompile Include="..\..\..\libraries\conct_core_high\conct_string_tools.cpp">
      <Filter>libraries\conct_core_high</Filter>
    </ClCompile>
    <ClCompile Include="..\..\..\libraries\conct_core_high\conct_thread_local_storage.cpp">
      <Filter>libraries\conct_core_high</Filter>
    </ClCompile>
    <ClCompile Include="..\..\..\libraries\conct_core_high\conct_trace.cpp">
      <Filter>libraries\conct_core_high</Filter>
    </ClCompile>
    <ClCompile Include="..\..\..\libraries\conct_core_high\conct_atomic.cpp">
      <Filter>libraries\conct_core_high</Filter>
    </ClCompile>
    <ClCompile Include="..\..\..\libraries\conct_core_high\conct_directory_iterator.cpp">
      <Filter>libraries\conct_core_high</Filter>
    </ClCompile>
    <ClCompile Include="..\..\..\libraries\conct_port_tcp_client\conct_port_tcp_client.cpp">
      <Filter>libraries\conct_port_tcp_client</Filter>
    </ClCompile>
    <ClCompile Include="..\..\..\libraries\conct_runtime\conct_runtime.cpp">
      <Filter>libraries\conct_runtime</Filter>
    </ClCompile>
    <ClCompile Include="..\..\..\libraries\conct_runtime\conct_value.cpp">
      <Filter>libraries\conct_runtime</Filter>
    </ClCompile>
    <ClCompile Include="..\..\..\libraries\conct_runtime\conct_value_builder.cpp">
      <Filter>libraries\conct_runtime</Filter>
    </ClCompile>
    <ClCompile Include="..\..\..\libraries\conct_runtime\conct_buffered_value_builder.cpp">
      <Filter>libraries\conct_runtime</Filter>
    </ClCompile>
    <ClCompile Include="..\..\..\libraries\conct_runtime\conct_data_builder.cpp">
      <Filter>libraries\conct_runtime</Filter>
    </ClCompile>
    <ClCompile Include="..\..\..\libraries\conct_runtime\conct_device.cpp">
      <Filter>libraries\conct_runtime</Filter>
    </ClCompile>
    <ClCompile Include="..\..\..\libraries\conct_runtime\conct_proxy.cpp">
      <Filter>libraries\conct_runtime</Filter>
    </ClCompile>
    <ClCompile Include="..\..\..\libraries\conct_runtime_high\conct_value_high.cpp">
      <Filter>libraries\conct_runtime_high</Filter>
    </ClCompile>
    <ClCompile Include="..\..\..\libraries\conct_runtime_high\conct_command.cpp">
      <Filter>libraries\conct_runtime_high</Filter>
    </ClCompile>
    <ClCompile Include="..\..\..\libraries\conct_runtime_high\conct_controller.cpp">
      <Filter>libraries\conct_runtime_high</Filter>
    </ClCompile>
    <ClCompile Include="..\..\..\libraries\conct_runtime_high\conct_router.cpp">
      <Filter>libraries\conct_runtime_high</Filter>
    </ClCompile>
    <ClCompile Include="..\..\..\libraries\conct_runtime_high\conct_runtime_high.cpp">
      <Filter>libraries\conct_runtime_high</Filter>
    </ClCompile>
    <ClCompile Include="..\..\..\libraries\conct_runtime_high\conct_runtime_high_c.cpp">
      <Filter>libraries\conct_runtime_high</Filter>
    </ClCompile>
    <ClCompile Include="..\..\..\libraries\conct_types\conct_type.cpp">
      <Filter>libraries\conct_types</Filter>
    </ClCompile>
    <ClCompile Include="..\..\..\libraries\conct_types\conct_type_collection.cpp">
      <Filter>libraries\conct_types</Filter>
    </ClCompile>
    <ClCompile Include="..\..\..\libraries\conct_types\conct_types_c.cpp">
      <Filter>libraries\conct_types</Filter>
    </ClCompile>
    <ClCompile Include="..\..\..\libraries\conct_types\conct_xml_helper.cpp">
      <Filter>libraries\conct_types</Filter>
    </ClCompile>
    <ClCompile Include="..\..\..\libraries\conct_types\conct_array_type.cpp">
      <Filter>libraries\conct_types</Filter>
    </ClCompile>
    <ClCompile Include="..\..\..\libraries\conct_types\conct_interface_type.cpp">
      <Filter>libraries\conct_types</Filter>
    </ClCompile>
    <ClCompile Include="..\..\..\libraries\conct_types\conct_struct_type.cpp">
      <Filter>libraries\conct_types</Filter>
    </ClCompile>
    <ClCompile Include="gen\core_router_proxy.cpp">
      <Filter>gen</Filter>
    </ClCompile>
  </ItemGroup>
  <ItemGroup>
    <ClInclude Include="gen\device_interface.h">
      <Filter>gen</Filter>
    </ClInclude>
    <ClInclude Include="gen\core_device_proxy.h">
      <Filter>gen</Filter>
    </ClInclude>
    <ClInclude Include="device_c.h" />
    <ClInclude Include="device_controller.h" />
    <ClInclude Include="..\..\..\third_party\tinyxml2\tinyxml2.h">
      <Filter>third_party\tinyxml2</Filter>
    </ClInclude>
    <ClInclude Include="..\..\..\libraries\conct_core\conct_ascii.h">
      <Filter>libraries\conct_core</Filter>
    </ClInclude>
    <ClInclude Include="..\..\..\libraries\conct_core\conct_core.h">
      <Filter>libraries\conct_core</Filter>
    </ClInclude>
    <ClInclude Include="..\..\..\libraries\conct_core\conct_core_c.h">
      <Filter>libraries\conct_core</Filter>
    </ClInclude>
    <ClInclude Include="..\..\..\libraries\conct_core\conct_crc16.h">
      <Filter>libraries\conct_core</Filter>
    </ClInclude>
    <ClInclude Include="..\..\..\libraries\conct_core\conct_flags.h">
      <Filter>libraries\conct_core</Filter>
    </ClInclude>
    <ClInclude Include="..\..\..\libraries\conct_core\conct_functions.h">
      <Filter>libraries\conct_core</Filter>
    </ClInclude>
    <ClInclude Include="..\..\..\libraries\conct_core\conct_memory.h">
      <Filter>libraries\conct_core</Filter>
    </ClInclude>
    <ClInclude Include="..\..\..\libraries\conct_core\conct_number_limits.h">
      <Filter>libraries\conct_core</Filter>
    </ClInclude>
    <ClInclude Include="..\..\..\libraries\conct_core\conct_port.h">
      <Filter>libraries\conct_core</Filter>
    </ClInclude>
    <ClInclude Include="..\..\..\libraries\conct_core\conct_reader.h">
      <Filter>libraries\conct_core</Filter>
    </ClInclude>
    <ClInclude Include="..\..\..\libraries\conct_core\conct_relative_array.h">
      <Filter>libraries\conct_core</Filter>
    </ClInclude>
    <ClInclude Include="..\..\..\libraries\conct_core\conct_relative_pointer.h">
      <Filter>libraries\conct_core</Filter>
    </ClInclude>
    <ClInclude Include="..\..\..\libraries\conct_core\conct_result.h">
      <Filter>libraries\conct_core</Filter>
    </ClInclude>
    <ClInclude Include="..\..\..\libraries\conct_core\conct_string.h">
      <Filter>libraries\conct_core</Filter>
    </ClInclude>
    <ClInclude Include="..\..\..\libraries\conct_core\conct_structs.h">
      <Filter>libraries\conct_core</Filter>
    </ClInclude>
    <ClInclude Include="..\..\..\libraries\conct_core\conct_timer.h">
      <Filter>libraries\conct_core</Filter>
    </ClInclude>
    <ClInclude Include="..\..\..\libraries\conct_core\conct_value_type.h">
      <Filter>libraries\conct_core</Filter>
    </ClInclude>
    <ClInclude Include="..\..\..\libraries\conct_core\conct_writer.h">
      <Filter>libraries\conct_core</Filter>
    </ClInclude>
    <ClInclude Include="..\..\..\libraries\conct_core\conct_array.h">
      <Filter>libraries\conct_core</Filter>
    </ClInclude>
    <ClInclude Include="..\..\..\libraries\conct_core\conct_array_view.h">
      <Filter>libraries\conct_core</Filter>
    </ClInclude>
    <ClInclude Include="..\..\..\libraries\conct_core_high\conct_directory_iterator.h">
      <Filter>libraries\conct_core_high</Filter>
    </ClInclude>
    <ClInclude Include="..\..\..\libraries\conct_core_high\conct_dynamic_string.h">
      <Filter>libraries\conct_core_high</Filter>
    </ClInclude>
    <ClInclude Include="..\..\..\libraries\conct_core_high\conct_filesystem.h">
      <Filter>libraries\conct_core_high</Filter>
    </ClInclude>
    <ClInclude Include="..\..\..\libraries\conct_core_high\conct_map.h">
      <Filter>libraries\conct_core_high</Filter>
    </ClInclude>
    <ClInclude Include="..\..\..\libraries\conct_core_high\conct_mutex.h">
      <Filter>libraries\conct_core_high</Filter>
    </ClInclude>
    <ClInclude Include="..\..\..\libraries\conct_core_high\conct_path.h">
      <Filter>libraries\conct_core_high</Filter>
    </ClInclude>
    <ClInclude Include="..\..\..\libraries\conct_core_high\conct_queue.h">
      <Filter>libraries\conct_core_high</Filter>
    </ClInclude>
    <ClInclude Include="..\..\..\libraries\conct_core_high\conct_string_tools.h">
      <Filter>libraries\conct_core_high</Filter>
    </ClInclude>
    <ClInclude Include="..\..\..\libraries\conct_core_high\conct_thread_local_storage.h">
      <Filter>libraries\conct_core_high</Filter>
    </ClInclude>
    <ClInclude Include="..\..\..\libraries\conct_core_high\conct_trace.h">
      <Filter>libraries\conct_core_high</Filter>
    </ClInclude>
    <ClInclude Include="..\..\..\libraries\conct_core_high\conct_unsorted_set.h">
      <Filter>libraries\conct_core_high</Filter>
    </ClInclude>
    <ClInclude Include="..\..\..\libraries\conct_core_high\conct_vector.h">
      <Filter>libraries\conct_core_high</Filter>
    </ClInclude>
    <ClInclude Include="..\..\..\libraries\conct_core_high\conct_atomic.h">
      <Filter>libraries\conct_core_high</Filter>
    </ClInclude>
    <ClInclude Include="..\..\..\libraries\conct_core_high\conct_core_high.h">
      <Filter>libraries\conct_core_high</Filter>
    </ClInclude>
    <ClInclude Include="..\..\..\libraries\conct_port_tcp_client\conct_port_tcp_client.h">
      <Filter>libraries\conct_port_tcp_client</Filter>
    </ClInclude>
    <ClInclude Include="..\..\..\libraries\conct_runtime\conct_proxy.h">
      <Filter>libraries\conct_runtime</Filter>
    </ClInclude>
    <ClInclude Include="..\..\..\libraries\conct_runtime\conct_runtime.h">
      <Filter>libraries\conct_runtime</Filter>
    </ClInclude>
    <ClInclude Include="..\..\..\libraries\conct_runtime\conct_value.h">
      <Filter>libraries\conct_runtime</Filter>
    </ClInclude>
    <ClInclude Include="..\..\..\libraries\conct_runtime\conct_value_builder.h">
      <Filter>libraries\conct_runtime</Filter>
    </ClInclude>
    <ClInclude Include="..\..\..\libraries\conct_runtime\conct_value_triats.h">
      <Filter>libraries\conct_runtime</Filter>
    </ClInclude>
    <ClInclude Include="..\..\..\libraries\conct_runtime\conct_buffered_value_builder.h">
      <Filter>libraries\conct_runtime</Filter>
    </ClInclude>
    <ClInclude Include="..\..\..\libraries\conct_runtime\conct_data_builder.h">
      <Filter>libraries\conct_runtime</Filter>
    </ClInclude>
    <ClInclude Include="..\..\..\libraries\conct_runtime\conct_device.h">
      <Filter>libraries\conct_runtime</Filter>
    </ClInclude>
    <ClInclude Include="..\..\..\libraries\conct_runtime_high\conct_runtime_high_c.h">
      <Filter>libraries\conct_runtime_high</Filter>
    </ClInclude>
    <ClInclude Include="..\..\..\libraries\conct_runtime_high\conct_value_high.h">
      <Filter>libraries\conct_runtime_high</Filter>
    </ClInclude>
    <ClInclude Include="..\..\..\libraries\conct_runtime_high\conct_command.h">
      <Filter>libraries\conct_runtime_high</Filter>
    </ClInclude>
    <ClInclude Include="..\..\..\libraries\conct_runtime_high\conct_controller.h">
      <Filter>libraries\conct_runtime_high</Filter>
    </ClInclude>
    <ClInclude Include="..\..\..\libraries\conct_runtime_high\conct_router.h">
      <Filter>libraries\conct_runtime_high</Filter>
    </ClInclude>
    <ClInclude Include="..\..\..\libraries\conct_runtime_high\conct_runtime_high.h">
      <Filter>libraries\conct_runtime_high</Filter>
    </ClInclude>
    <ClInclude Include="..\..\..\libraries\conct_types\conct_struct_type.h">
      <Filter>libraries\conct_types</Filter>
    </ClInclude>
    <ClInclude Include="..\..\..\libraries\conct_types\conct_type.h">
      <Filter>libraries\conct_types</Filter>
    </ClInclude>
    <ClInclude Include="..\..\..\libraries\conct_types\conct_type_collection.h">
      <Filter>libraries\conct_types</Filter>
    </ClInclude>
    <ClInclude Include="..\..\..\libraries\conct_types\conct_types_c.h">
      <Filter>libraries\conct_types</Filter>
    </ClInclude>
    <ClInclude Include="..\..\..\libraries\conct_types\conct_xml_helper.h">
      <Filter>libraries\conct_types</Filter>
    </ClInclude>
    <ClInclude Include="..\..\..\libraries\conct_types\conct_array_type.h">
      <Filter>libraries\conct_types</Filter>
    </ClInclude>
    <ClInclude Include="..\..\..\libraries\conct_types\conct_interface_type.h">
      <Filter>libraries\conct_types</Filter>
    </ClInclude>
    <ClInclude Include="..\..\..\libraries\conct_core\conct_platform.h">
      <Filter>libraries\conct_core</Filter>
    </ClInclude>
    <ClInclude Include="gen\core_router_proxy.h">
      <Filter>gen</Filter>
    </ClInclude>
  </ItemGroup>
  <ItemGroup>
    <None Include="..\..\..\libraries\conct_core\conct_flags.inl">
      <Filter>libraries\conct_core</Filter>
    </None>
    <None Include="..\..\..\libraries\conct_core\conct_memory.inl">
      <Filter>libraries\conct_core</Filter>
    </None>
    <None Include="..\..\..\libraries\conct_core\conct_reader.inl">
      <Filter>libraries\conct_core</Filter>
    </None>
    <None Include="..\..\..\libraries\conct_core\conct_relative_array.inl">
      <Filter>libraries\conct_core</Filter>
    </None>
    <None Include="..\..\..\libraries\conct_core\conct_relative_pointer.inl">
      <Filter>libraries\conct_core</Filter>
    </None>
    <None Include="..\..\..\libraries\conct_core\conct_string.inl">
      <Filter>libraries\conct_core</Filter>
    </None>
    <None Include="..\..\..\libraries\conct_core\conct_writer.inl">
      <Filter>libraries\conct_core</Filter>
    </None>
    <None Include="..\..\..\libraries\conct_core\conct_array.inl">
      <Filter>libraries\conct_core</Filter>
    </None>
    <None Include="..\..\..\libraries\conct_core\conct_array_view.inl">
      <Filter>libraries\conct_core</Filter>
    </None>
    <None Include="..\..\..\libraries\conct_core_high\conct_map.inl">
      <Filter>libraries\conct_core_high</Filter>
    </None>
    <None Include="..\..\..\libraries\conct_core_high\conct_queue.inl">
      <Filter>libraries\conct_core_high</Filter>
    </None>
    <None Include="..\..\..\libraries\conct_core_high\conct_unsorted_set.inl">
      <Filter>libraries\conct_core_high</Filter>
    </None>
    <None Include="..\..\..\libraries\conct_core_high\conct_vector.inl">
      <Filter>libraries\conct_core_high</Filter>
    </None>
    <None Include="..\..\..\libraries\conct_core_high\conct_atomic.inl">
      <Filter>libraries\conct_core_high</Filter>
    </None>
    <None Include="..\..\..\libraries\conct_runtime\conct_value_builder.inl">
      <Filter>libraries\conct_runtime</Filter>
    </None>
    <None Include="..\..\..\libraries\conct_runtime\conct_value_triats.inl">
      <Filter>libraries\conct_runtime</Filter>
    </None>
    <None Include="..\..\..\libraries\conct_runtime\conct_buffered_value_builder.inl">
      <Filter>libraries\conct_runtime</Filter>
    </None>
    <None Include="..\..\..\libraries\conct_runtime\conct_data_builder.inl">
      <Filter>libraries\conct_runtime</Filter>
    </None>
    <None Include="..\..\..\libraries\conct_runtime_high\conct_value_high.inl">
      <Filter>libraries\conct_runtime_high</Filter>
    </None>
  </ItemGroup>
  <ItemGroup>
    <Xml Include="device.xml" />
  </ItemGroup>
</Project>