<?xml version="1.0" encoding="utf-8"?>
<Project ToolsVersion="4.0" xmlns="http://schemas.microsoft.com/developer/msbuild/2003">
  <ItemGroup>
    <ClCompile Include="tests.cpp" />
    <ClCompile Include="..\..\..\libraries\conct_core\conct_ascii.cpp">
      <Filter>libraries\conct_core</Filter>
    </ClCompile>
    <ClCompile Include="..\..\..\libraries\conct_core\conct_crc16.cpp">
      <Filter>libraries\conct_core</Filter>
    </ClCompile>
    <ClCompile Include="..\..\..\libraries\conct_core\conct_functions.cpp">
      <Filter>libraries\conct_core</Filter>
    </ClCompile>
    <ClCompile Include="..\..\..\libraries\conct_core\conct_memory.cpp">
      <Filter>libraries\conct_core</Filter>
    </ClCompile>
    <ClCompile Include="..\..\..\libraries\conct_core\conct_reader.cpp">
      <Filter>libraries\conct_core</Filter>
    </ClCompile>
    <ClCompile Include="..\..\..\libraries\conct_core\conct_result.cpp">
      <Filter>libraries\conct_core</Filter>
    </ClCompile>
    <ClCompile Include="..\..\..\libraries\conct_core\conct_timer.cpp">
      <Filter>libraries\conct_core</Filter>
    </ClCompile>
    <ClCompile Include="..\..\..\libraries\conct_core\conct_value_type.cpp">
      <Filter>libraries\conct_core</Filter>
    </ClCompile>
    <ClCompile Include="..\..\..\libraries\conct_core\conct_writer.cpp">
      <Filter>libraries\conct_core</Filter>
    </ClCompile>
    <ClCompile Include="..\..\..\libraries\conct_core_high\conct_mutex.cpp">
      <Filter>libraries\conct_core_high</Filter>
    </ClCompile>
    <ClCompile Include="..\..\..\libraries\conct_core_high\conct_path.cpp">
      <Filter>libraries\conct_core_high</Filter>
    </ClCompile>
    <ClCompile Include="..\..\..\libraries\conct_core_high\conct_string_tools.cpp">
      <Filter>libraries\conct_core_high</Filter>
    </ClCompile>
    <ClCompile Include="..\..\..\libraries\conct_core_high\conct_thread_local_storage.cpp">
      <Filter>libraries\conct_core_high</Filter>
    </ClCompile>
    <ClCompile Include="..\..\..\libraries\conct_core_high\conct_trace.cpp">
      <Filter>libraries\conct_core_high</Filter>
    </ClCompile>
    <ClCompile Include="..\..\..\libraries\conct_core_high\conct_atomic.cpp">
      <Filter>libraries\conct_core_high</Filter>
    </ClCompile>
    <ClCompile Include="..\..\..\libraries\conct_core_high\conct_directory_iterator.cpp">
      <Filter>libraries\conct_core_high</Filter>
    </ClCompile>
    <ClCompile Include="..\..\..\libraries\conct_core_high\conct_dynamic_string.cpp">
      <Filter>libraries\conct_core_high</Filter>
    </ClCompile>
    <ClCompile Include="..\..\..\libraries\conct_core_high\conct_filesystem.cpp">
      <Filter>libraries\conct_core_high</Filter>
    </ClCompile>
    <ClCompile Include="..\..\..\libraries\conct_port_serial\conct_port_serial.cpp">
      <Filter>libraries\conct_port_serial</Filter>
    </ClCompile>
    <ClCompile Include="test_serial.cpp" />
    <ClCompile Include="..\..\..\libraries\conct_port_serial\test\conct_port_serial_test.cpp">
      <Filter>libraries\conct_port_serial\test</Filter>
    </ClCompile>
    <ClCompile Include="..\..\..\libraries\conct_port_serial\test\conct_port_serial_arduino_interface_test.cpp">
      <Filter>libraries\conct_port_serial\test</Filter>
    </ClCompile>
    <ClCompile Include="..\..\..\libraries\conct_port_serial\test\conct_port_serial_test_context.cpp">
      <Filter>libraries\conct_port_serial\test</Filter>
    </ClCompile>
  </ItemGroup>
  <ItemGroup>
    <Filter Include="libraries">
      <UniqueIdentifier>{246e5b40-c798-422f-b7e4-6968e9ed4c68}</UniqueIdentifier>
    </Filter>
    <Filter Include="libraries\conct_core">
      <UniqueIdentifier>{ba6fb743-6998-449e-aa50-f8e7fb53d9a0}</UniqueIdentifier>
    </Filter>
    <Filter Include="libraries\conct_core_high">
      <UniqueIdentifier>{20f6d8ee-9558-4adb-bf8a-b8d0384690fa}</UniqueIdentifier>
    </Filter>
    <Filter Include="libraries\conct_port_serial">
      <UniqueIdentifier>{7ee32ab4-7aa6-4652-8ac1-cf23ee855d31}</UniqueIdentifier>
    </Filter>
    <Filter Include="libraries\conct_port_serial\test">
      <UniqueIdentifier>{a0ce6863-3451-4397-910d-de63f1de7bc6}</UniqueIdentifier>
    </Filter>
  </ItemGroup>
  <ItemGroup>
    <None Include="..\..\..\libraries\conct_core\conct_array_view.inl">
      <Filter>libraries\conct_core</Filter>
    </None>
    <None Include="..\..\..\libraries\conct_core\conct_flags.inl">
      <Filter>libraries\conct_core</Filter>
    </None>
    <None Include="..\..\..\libraries\conct_core\conct_memory.inl">
      <Filter>libraries\conct_core</Filter>
    </None>
    <None Include="..\..\..\libraries\conct_core\conct_reader.inl">
      <Filter>libraries\conct_core</Filter>
    </None>
    <None Include="..\..\..\libraries\conct_core\conct_relative_array.inl">
      <Filter>libraries\conct_core</Filter>
    </None>
    <None Include="..\..\..\libraries\conct_core\conct_relative_pointer.inl">
      <Filter>libraries\conct_core</Filter>
    </None>
    <None Include="..\..\..\libraries\conct_core\conct_string.inl">
      <Filter>libraries\conct_core</Filter>
    </None>
    <None Include="..\..\..\libraries\conct_core\conct_writer.inl">
      <Filter>libraries\conct_core</Filter>
    </None>
    <None Include="..\..\..\libraries\conct_core\conct_array.inl">
      <Filter>libraries\conct_core</Filter>
    </None>
    <None Include="..\..\..\libraries\conct_core_high\conct_map.inl">
      <Filter>libraries\conct_core_high</Filter>
    </None>
    <None Include="..\..\..\libraries\conct_core_high\conct_queue.inl">
      <Filter>libraries\conct_core_high</Filter>
    </None>
    <None Include="..\..\..\libraries\conct_core_high\conct_unsorted_set.inl">
      <Filter>libraries\conct_core_high</Filter>
    </None>
    <None Include="..\..\..\libraries\conct_core_high\conct_vector.inl">
      <Filter>libraries\conct_core_high</Filter>
    </None>
    <None Include="..\..\..\libraries\conct_core_high\conct_atomic.inl">
      <Filter>libraries\conct_core_high</Filter>
    </None>
    <None Include="..\..\..\libraries\conct_core\conct_static_array.inl">
      <Filter>libraries\conct_core</Filter>
    </None>
  </ItemGroup>
  <ItemGroup>
    <ClInclude Include="..\..\..\libraries\conct_core\conct_ascii.h">
      <Filter>libraries\conct_core</Filter>
    </ClInclude>
    <ClInclude Include="..\..\..\libraries\conct_core\conct_core.h">
      <Filter>libraries\conct_core</Filter>
    </ClInclude>
    <ClInclude Include="..\..\..\libraries\conct_core\conct_core_c.h">
      <Filter>libraries\conct_core</Filter>
    </ClInclude>
    <ClInclude Include="..\..\..\libraries\conct_core\conct_crc16.h">
      <Filter>libraries\conct_core</Filter>
    </ClInclude>
    <ClInclude Include="..\..\..\libraries\conct_core\conct_flags.h">
      <Filter>libraries\conct_core</Filter>
    </ClInclude>
    <ClInclude Include="..\..\..\libraries\conct_core\conct_functions.h">
      <Filter>libraries\conct_core</Filter>
    </ClInclude>
    <ClInclude Include="..\..\..\libraries\conct_core\conct_memory.h">
      <Filter>libraries\conct_core</Filter>
    </ClInclude>
    <ClInclude Include="..\..\..\libraries\conct_core\conct_number_limits.h">
      <Filter>libraries\conct_core</Filter>
    </ClInclude>
    <ClInclude Include="..\..\..\libraries\conct_core\conct_platform.h">
      <Filter>libraries\conct_core</Filter>
    </ClInclude>
    <ClInclude Include="..\..\..\libraries\conct_core\conct_port.h">
      <Filter>libraries\conct_core</Filter>
    </ClInclude>
    <ClInclude Include="..\..\..\libraries\conct_core\conct_reader.h">
      <Filter>libraries\conct_core</Filter>
    </ClInclude>
    <ClInclude Include="..\..\..\libraries\conct_core\conct_relative_array.h">
      <Filter>libraries\conct_core</Filter>
    </ClInclude>
    <ClInclude Include="..\..\..\libraries\conct_core\conct_relative_pointer.h">
      <Filter>libraries\conct_core</Filter>
    </ClInclude>
    <ClInclude Include="..\..\..\libraries\conct_core\conct_result.h">
      <Filter>libraries\conct_core</Filter>
    </ClInclude>
    <ClInclude Include="..\..\..\libraries\conct_core\conct_string.h">
      <Filter>libraries\conct_core</Filter>
    </ClInclude>
    <ClInclude Include="..\..\..\libraries\conct_core\conct_structs.h">
      <Filter>libraries\conct_core</Filter>
    </ClInclude>
    <ClInclude Include="..\..\..\libraries\conct_core\conct_timer.h">
      <Filter>libraries\conct_core</Filter>
    </ClInclude>
    <ClInclude Include="..\..\..\libraries\conct_core\conct_value_type.h">
      <Filter>libraries\conct_core</Filter>
    </ClInclude>
    <ClInclude Include="..\..\..\libraries\conct_core\conct_writer.h">
      <Filter>libraries\conct_core</Filter>
    </ClInclude>
    <ClInclude Include="..\..\..\libraries\conct_core\conct_array.h">
      <Filter>libraries\conct_core</Filter>
    </ClInclude>
    <ClInclude Include="..\..\..\libraries\conct_core\conct_array_view.h">
      <Filter>libraries\conct_core</Filter>
    </ClInclude>
    <ClInclude Include="..\..\..\libraries\conct_core_high\conct_filesystem.h">
      <Filter>libraries\conct_core_high</Filter>
    </ClInclude>
    <ClInclude Include="..\..\..\libraries\conct_core_high\conct_map.h">
      <Filter>libraries\conct_core_high</Filter>
    </ClInclude>
    <ClInclude Include="..\..\..\libraries\conct_core_high\conct_mutex.h">
      <Filter>libraries\conct_core_high</Filter>
    </ClInclude>
    <ClInclude Include="..\..\..\libraries\conct_core_high\conct_path.h">
      <Filter>libraries\conct_core_high</Filter>
    </ClInclude>
    <ClInclude Include="..\..\..\libraries\conct_core_high\conct_queue.h">
      <Filter>libraries\conct_core_high</Filter>
    </ClInclude>
    <ClInclude Include="..\..\..\libraries\conct_core_high\conct_string_tools.h">
      <Filter>libraries\conct_core_high</Filter>
    </ClInclude>
    <ClInclude Include="..\..\..\libraries\conct_core_high\conct_thread_local_storage.h">
      <Filter>libraries\conct_core_high</Filter>
    </ClInclude>
    <ClInclude Include="..\..\..\libraries\conct_core_high\conct_trace.h">
      <Filter>libraries\conct_core_high</Filter>
    </ClInclude>
    <ClInclude Include="..\..\..\libraries\conct_core_high\conct_unsorted_set.h">
      <Filter>libraries\conct_core_high</Filter>
    </ClInclude>
    <ClInclude Include="..\..\..\libraries\conct_core_high\conct_vector.h">
      <Filter>libraries\conct_core_high</Filter>
    </ClInclude>
    <ClInclude Include="..\..\..\libraries\conct_core_high\conct_atomic.h">
      <Filter>libraries\conct_core_high</Filter>
    </ClInclude>
    <ClInclude Include="..\..\..\libraries\conct_core_high\conct_core_high.h">
      <Filter>libraries\conct_core_high</Filter>
    </ClInclude>
    <ClInclude Include="..\..\..\libraries\conct_core_high\conct_directory_iterator.h">
      <Filter>libraries\conct_core_high</Filter>
    </ClInclude>
    <ClInclude Include="..\..\..\libraries\conct_core_high\conct_dynamic_string.h">
      <Filter>libraries\conct_core_high</Filter>
    </ClInclude>
    <ClInclude Include="..\..\..\libraries\conct_port_serial\conct_port_serial.h">
      <Filter>libraries\conct_port_serial</Filter>
    </ClInclude>
    <ClInclude Include="..\..\..\libraries\conct_port_serial\test\conct_port_serial_arduino_interface_test.h">
      <Filter>libraries\conct_port_serial\test</Filter>
    </ClInclude>
    <ClInclude Include="..\..\..\libraries\conct_port_serial\test\conct_port_serial_test.h">
      <Filter>libraries\conct_port_serial\test</Filter>
    </ClInclude>
    <ClInclude Include="..\..\..\libraries\conct_port_serial\test\conct_port_serial_test_context.h">
      <Filter>libraries\conct_port_serial\test</Filter>
    </ClInclude>
    <ClInclude Include="..\..\..\libraries\conct_core\conct_static_array.h">
      <Filter>libraries\conct_core</Filter>
    </ClInclude>
  </ItemGroup>
</Project>